<?xml version="1.0" encoding="utf-8"?>
<Project ToolsVersion="4.0" xmlns="http://schemas.microsoft.com/developer/msbuild/2003">
  <ItemGroup>
    <Filter Include="Source Files">
      <UniqueIdentifier>{4FC737F1-C7A5-4376-A066-2A32D752A2FF}</UniqueIdentifier>
      <Extensions>cpp;c;cc;cxx;def;odl;idl;hpj;bat;asm;asmx</Extensions>
    </Filter>
    <Filter Include="Header Files">
      <UniqueIdentifier>{93995380-89BD-4b04-88EB-625FBE52EBFB}</UniqueIdentifier>
      <Extensions>h;hpp;hxx;hm;inl;inc;xsd</Extensions>
    </Filter>
  </ItemGroup>
  <ItemGroup>
    <ClInclude Include="Component.hpp">
      <Filter>Header Files</Filter>
    </ClInclude>
    <ClInclude Include="EntityId.hpp">
      <Filter>Header Files</Filter>
    </ClInclude>
    <ClInclude Include="ComponentId.hpp">
      <Filter>Header Files</Filter>
    </ClInclude>
    <ClInclude Include="ComponentTemplate.hpp">
      <Filter>Header Files</Filter>
    </ClInclude>
    <ClInclude Include="ComponentContainer.hpp">
      <Filter>Header Files</Filter>
    </ClInclude>
    <ClInclude Include="Exceptions.hpp">
      <Filter>Header Files</Filter>
    </ClInclude>
    <ClInclude Include="ComponentContainerTemplate.hpp">
      <Filter>Header Files</Filter>
    </ClInclude>
    <ClInclude Include="ComponentManager.hpp">
      <Filter>Header Files</Filter>
    </ClInclude>
    <ClInclude Include="EntityManager.hpp">
      <Filter>Header Files</Filter>
    </ClInclude>
    <ClInclude Include="IEntityIdGenerator.hpp">
      <Filter>Header Files</Filter>
    </ClInclude>
    <ClInclude Include="BasicEntityIdGenerator.hpp">
      <Filter>Header Files</Filter>
    </ClInclude>
    <ClInclude Include="NodeId.hpp">
      <Filter>Header Files</Filter>
    </ClInclude>
    <ClInclude Include="Node.hpp">
      <Filter>Header Files</Filter>
    </ClInclude>
    <ClInclude Include="EntitySystem.hpp">
      <Filter>Header Files</Filter>
    </ClInclude>
    <ClInclude Include="IEntitySystem.hpp">
      <Filter>Header Files</Filter>
    </ClInclude>
    <ClInclude Include="NodeContainer.hpp">
      <Filter>Header Files</Filter>
    </ClInclude>
    <ClInclude Include="NodeContainerTemplate.hpp">
      <Filter>Header Files</Filter>
    </ClInclude>
    <ClInclude Include="NodeManager.hpp">
      <Filter>Header Files</Filter>
    </ClInclude>
    <ClInclude Include="NodeTemplate.hpp">
      <Filter>Header Files</Filter>
    </ClInclude>
    <ClInclude Include="AssertComponentType.hpp">
      <Filter>Header Files</Filter>
    </ClInclude>
    <ClInclude Include="AssertNodeType.hpp">
      <Filter>Header Files</Filter>
    </ClInclude>
    <ClInclude Include="ComponentIdNameMapper.hpp">
      <Filter>Header Files</Filter>
    </ClInclude>
    <ClInclude Include="NodeIdNameMapper.hpp">
      <Filter>Header Files</Filter>
    </ClInclude>
    <ClInclude Include="StaticIdNameMappers.hpp">
      <Filter>Header Files</Filter>
    </ClInclude>
  </ItemGroup>
  <ItemGroup>
    <ClCompile Include="Component.cpp">
      <Filter>Source Files</Filter>
    </ClCompile>
    <ClCompile Include="ComponentContainer.cpp">
      <Filter>Source Files</Filter>
    </ClCompile>
    <ClCompile Include="Exceptions.cpp">
      <Filter>Source Files</Filter>
    </ClCompile>
    <ClCompile Include="ComponentManager.cpp">
      <Filter>Source Files</Filter>
    </ClCompile>
    <ClCompile Include="BasicEntityIdGenerator.cpp">
      <Filter>Header Files</Filter>
    </ClCompile>
    <ClCompile Include="EntityManager.cpp">
      <Filter>Source Files</Filter>
    </ClCompile>
    <ClCompile Include="Node.cpp">
      <Filter>Source Files</Filter>
    </ClCompile>
    <ClCompile Include="EntitySystem.cpp">
      <Filter>Source Files</Filter>
    </ClCompile>
    <ClCompile Include="NodeContainer.cpp">
      <Filter>Source Files</Filter>
    </ClCompile>
    <ClCompile Include="NodeManager.cpp">
      <Filter>Source Files</Filter>
    </ClCompile>
    <ClCompile Include="StaticIdNameMappers.cpp">
      <Filter>Source Files</Filter>
    </ClCompile>
  </ItemGroup>
</Project>