// !$*UTF8*$!
{
	archiveVersion = 1;
	classes = {
	};
	objectVersion = 46;
	objects = {

/* Begin PBXBuildFile section */
		10FEA97B1D0393B200338F5B /* ComponentContainerTemplateTests.cpp in Sources */ = {isa = PBXBuildFile; fileRef = 10FEA9691D0393B200338F5B /* ComponentContainerTemplateTests.cpp */; };
		10FEA97C1D0393B200338F5B /* ComponentContainerTemplateTests.hpp in Headers */ = {isa = PBXBuildFile; fileRef = 10FEA96A1D0393B200338F5B /* ComponentContainerTemplateTests.hpp */; };
		10FEA97D1D0393B200338F5B /* ComponentContainerTests.cpp in Sources */ = {isa = PBXBuildFile; fileRef = 10FEA96B1D0393B200338F5B /* ComponentContainerTests.cpp */; };
		10FEA97E1D0393B200338F5B /* ComponentContainerTests.hpp in Headers */ = {isa = PBXBuildFile; fileRef = 10FEA96C1D0393B200338F5B /* ComponentContainerTests.hpp */; };
		10FEA97F1D0393B200338F5B /* ComponentManagerTests.cpp in Sources */ = {isa = PBXBuildFile; fileRef = 10FEA96D1D0393B200338F5B /* ComponentManagerTests.cpp */; };
		10FEA9801D0393B200338F5B /* ComponentManagerTests.hpp in Headers */ = {isa = PBXBuildFile; fileRef = 10FEA96E1D0393B200338F5B /* ComponentManagerTests.hpp */; };
		10FEA9811D0393B200338F5B /* ComponentTemplateTests.cpp in Sources */ = {isa = PBXBuildFile; fileRef = 10FEA96F1D0393B200338F5B /* ComponentTemplateTests.cpp */; };
		10FEA9821D0393B200338F5B /* ComponentTemplateTests.hpp in Headers */ = {isa = PBXBuildFile; fileRef = 10FEA9701D0393B200338F5B /* ComponentTemplateTests.hpp */; };
		10FEA9831D0393B200338F5B /* ComponentTests.cpp in Sources */ = {isa = PBXBuildFile; fileRef = 10FEA9711D0393B200338F5B /* ComponentTests.cpp */; };
		10FEA9841D0393B200338F5B /* ComponentTests.hpp in Headers */ = {isa = PBXBuildFile; fileRef = 10FEA9721D0393B200338F5B /* ComponentTests.hpp */; };
		10FEA9851D0393B200338F5B /* ExceptionTests.cpp in Sources */ = {isa = PBXBuildFile; fileRef = 10FEA9731D0393B200338F5B /* ExceptionTests.cpp */; };
		10FEA9861D0393B200338F5B /* ExceptionTests.hpp in Headers */ = {isa = PBXBuildFile; fileRef = 10FEA9741D0393B200338F5B /* ExceptionTests.hpp */; };
		10FEA9871D0393B200338F5B /* MockComponent.cpp in Sources */ = {isa = PBXBuildFile; fileRef = 10FEA9751D0393B200338F5B /* MockComponent.cpp */; };
		10FEA9881D0393B200338F5B /* MockComponent.hpp in Headers */ = {isa = PBXBuildFile; fileRef = 10FEA9761D0393B200338F5B /* MockComponent.hpp */; };
		10FEA9891D0393B200338F5B /* MockComponentContainer.cpp in Sources */ = {isa = PBXBuildFile; fileRef = 10FEA9771D0393B200338F5B /* MockComponentContainer.cpp */; };
		10FEA98A1D0393B200338F5B /* MockComponentContainer.hpp in Headers */ = {isa = PBXBuildFile; fileRef = 10FEA9781D0393B200338F5B /* MockComponentContainer.hpp */; };
		10FEA98B1D0393B200338F5B /* MockComponentTypes.cpp in Sources */ = {isa = PBXBuildFile; fileRef = 10FEA9791D0393B200338F5B /* MockComponentTypes.cpp */; };
		10FEA98C1D0393B200338F5B /* MockComponentTypes.hpp in Headers */ = {isa = PBXBuildFile; fileRef = 10FEA97A1D0393B200338F5B /* MockComponentTypes.hpp */; };
		10FEA9B51D03AFDA00338F5B /* EntitySystemTestSuite.cpp in Sources */ = {isa = PBXBuildFile; fileRef = 10FEA9B41D03AFDA00338F5B /* EntitySystemTestSuite.cpp */; };
		10FEA9D01D04D97500338F5B /* EntityManagerTests.cpp in Sources */ = {isa = PBXBuildFile; fileRef = 10FEA9C81D04D97500338F5B /* EntityManagerTests.cpp */; };
		10FEA9D11D04D97500338F5B /* EntityManagerTests.hpp in Headers */ = {isa = PBXBuildFile; fileRef = 10FEA9C91D04D97500338F5B /* EntityManagerTests.hpp */; };
		10FEA9D21D04D97500338F5B /* MockEntityIdGenerator.cpp in Sources */ = {isa = PBXBuildFile; fileRef = 10FEA9CA1D04D97500338F5B /* MockEntityIdGenerator.cpp */; };
		10FEA9D31D04D97500338F5B /* MockEntityIdGenerator.hpp in Headers */ = {isa = PBXBuildFile; fileRef = 10FEA9CB1D04D97500338F5B /* MockEntityIdGenerator.hpp */; };
		10FEA9D41D04D97500338F5B /* MockNode.cpp in Sources */ = {isa = PBXBuildFile; fileRef = 10FEA9CC1D04D97500338F5B /* MockNode.cpp */; };
		10FEA9D51D04D97500338F5B /* MockNode.hpp in Headers */ = {isa = PBXBuildFile; fileRef = 10FEA9CD1D04D97500338F5B /* MockNode.hpp */; };
		10FEA9D61D04D97500338F5B /* NodeTests.cpp in Sources */ = {isa = PBXBuildFile; fileRef = 10FEA9CE1D04D97500338F5B /* NodeTests.cpp */; };
		10FEA9D71D04D97500338F5B /* NodeTests.hpp in Headers */ = {isa = PBXBuildFile; fileRef = 10FEA9CF1D04D97500338F5B /* NodeTests.hpp */; };
		10FEA9DF1D05EB3900338F5B /* NodeTemplateTests.cpp in Sources */ = {isa = PBXBuildFile; fileRef = 10FEA9DE1D05EB3900338F5B /* NodeTemplateTests.cpp */; };
		10FEA9E21D05FB2A00338F5B /* MockNodeTypes.cpp in Sources */ = {isa = PBXBuildFile; fileRef = 10FEA9E11D05FB2A00338F5B /* MockNodeTypes.cpp */; };
		10FEA9EF1D0780C000338F5B /* MockNodeContainer.cpp in Sources */ = {isa = PBXBuildFile; fileRef = 10FEA9EE1D0780C000338F5B /* MockNodeContainer.cpp */; };
		10FEA9F21D07846500338F5B /* NodeContainerTests.cpp in Sources */ = {isa = PBXBuildFile; fileRef = 10FEA9F11D07846500338F5B /* NodeContainerTests.cpp */; };
		10FEA9FD1D08A1C100338F5B /* NodeContainerTemplateTests.cpp in Sources */ = {isa = PBXBuildFile; fileRef = 10FEA9FC1D08A1C100338F5B /* NodeContainerTemplateTests.cpp */; };
		10FEAA031D0B883A00338F5B /* NodeManagerTests.cpp in Sources */ = {isa = PBXBuildFile; fileRef = 10FEAA021D0B883A00338F5B /* NodeManagerTests.cpp */; };
/* End PBXBuildFile section */

/* Begin PBXFileReference section */
		10FEA95B1D03933A00338F5B /* libEntitySystemTests.a */ = {isa = PBXFileReference; explicitFileType = archive.ar; includeInIndex = 0; path = libEntitySystemTests.a; sourceTree = BUILT_PRODUCTS_DIR; };
		10FEA9691D0393B200338F5B /* ComponentContainerTemplateTests.cpp */ = {isa = PBXFileReference; fileEncoding = 4; lastKnownFileType = sourcecode.cpp.cpp; path = ComponentContainerTemplateTests.cpp; sourceTree = "<group>"; };
		10FEA96A1D0393B200338F5B /* ComponentContainerTemplateTests.hpp */ = {isa = PBXFileReference; fileEncoding = 4; lastKnownFileType = sourcecode.cpp.h; path = ComponentContainerTemplateTests.hpp; sourceTree = "<group>"; };
		10FEA96B1D0393B200338F5B /* ComponentContainerTests.cpp */ = {isa = PBXFileReference; fileEncoding = 4; lastKnownFileType = sourcecode.cpp.cpp; path = ComponentContainerTests.cpp; sourceTree = "<group>"; };
		10FEA96C1D0393B200338F5B /* ComponentContainerTests.hpp */ = {isa = PBXFileReference; fileEncoding = 4; lastKnownFileType = sourcecode.cpp.h; path = ComponentContainerTests.hpp; sourceTree = "<group>"; };
		10FEA96D1D0393B200338F5B /* ComponentManagerTests.cpp */ = {isa = PBXFileReference; fileEncoding = 4; lastKnownFileType = sourcecode.cpp.cpp; path = ComponentManagerTests.cpp; sourceTree = "<group>"; };
		10FEA96E1D0393B200338F5B /* ComponentManagerTests.hpp */ = {isa = PBXFileReference; fileEncoding = 4; lastKnownFileType = sourcecode.cpp.h; path = ComponentManagerTests.hpp; sourceTree = "<group>"; };
		10FEA96F1D0393B200338F5B /* ComponentTemplateTests.cpp */ = {isa = PBXFileReference; fileEncoding = 4; lastKnownFileType = sourcecode.cpp.cpp; path = ComponentTemplateTests.cpp; sourceTree = "<group>"; };
		10FEA9701D0393B200338F5B /* ComponentTemplateTests.hpp */ = {isa = PBXFileReference; fileEncoding = 4; lastKnownFileType = sourcecode.cpp.h; path = ComponentTemplateTests.hpp; sourceTree = "<group>"; };
		10FEA9711D0393B200338F5B /* ComponentTests.cpp */ = {isa = PBXFileReference; fileEncoding = 4; lastKnownFileType = sourcecode.cpp.cpp; path = ComponentTests.cpp; sourceTree = "<group>"; };
		10FEA9721D0393B200338F5B /* ComponentTests.hpp */ = {isa = PBXFileReference; fileEncoding = 4; lastKnownFileType = sourcecode.cpp.h; path = ComponentTests.hpp; sourceTree = "<group>"; };
		10FEA9731D0393B200338F5B /* ExceptionTests.cpp */ = {isa = PBXFileReference; fileEncoding = 4; lastKnownFileType = sourcecode.cpp.cpp; path = ExceptionTests.cpp; sourceTree = "<group>"; };
		10FEA9741D0393B200338F5B /* ExceptionTests.hpp */ = {isa = PBXFileReference; fileEncoding = 4; lastKnownFileType = sourcecode.cpp.h; path = ExceptionTests.hpp; sourceTree = "<group>"; };
		10FEA9751D0393B200338F5B /* MockComponent.cpp */ = {isa = PBXFileReference; fileEncoding = 4; lastKnownFileType = sourcecode.cpp.cpp; path = MockComponent.cpp; sourceTree = "<group>"; };
		10FEA9761D0393B200338F5B /* MockComponent.hpp */ = {isa = PBXFileReference; fileEncoding = 4; lastKnownFileType = sourcecode.cpp.h; path = MockComponent.hpp; sourceTree = "<group>"; };
		10FEA9771D0393B200338F5B /* MockComponentContainer.cpp */ = {isa = PBXFileReference; fileEncoding = 4; lastKnownFileType = sourcecode.cpp.cpp; path = MockComponentContainer.cpp; sourceTree = "<group>"; };
		10FEA9781D0393B200338F5B /* MockComponentContainer.hpp */ = {isa = PBXFileReference; fileEncoding = 4; lastKnownFileType = sourcecode.cpp.h; path = MockComponentContainer.hpp; sourceTree = "<group>"; };
		10FEA9791D0393B200338F5B /* MockComponentTypes.cpp */ = {isa = PBXFileReference; fileEncoding = 4; lastKnownFileType = sourcecode.cpp.cpp; path = MockComponentTypes.cpp; sourceTree = "<group>"; };
		10FEA97A1D0393B200338F5B /* MockComponentTypes.hpp */ = {isa = PBXFileReference; fileEncoding = 4; lastKnownFileType = sourcecode.cpp.h; path = MockComponentTypes.hpp; sourceTree = "<group>"; };
		10FEA9B31D03AF4D00338F5B /* EntitySystemTestSuite.hpp */ = {isa = PBXFileReference; lastKnownFileType = sourcecode.cpp.h; path = EntitySystemTestSuite.hpp; sourceTree = "<group>"; };
		10FEA9B41D03AFDA00338F5B /* EntitySystemTestSuite.cpp */ = {isa = PBXFileReference; fileEncoding = 4; lastKnownFileType = sourcecode.cpp.cpp; path = EntitySystemTestSuite.cpp; sourceTree = "<group>"; };
		10FEA9C81D04D97500338F5B /* EntityManagerTests.cpp */ = {isa = PBXFileReference; fileEncoding = 4; lastKnownFileType = sourcecode.cpp.cpp; path = EntityManagerTests.cpp; sourceTree = "<group>"; };
		10FEA9C91D04D97500338F5B /* EntityManagerTests.hpp */ = {isa = PBXFileReference; fileEncoding = 4; lastKnownFileType = sourcecode.cpp.h; path = EntityManagerTests.hpp; sourceTree = "<group>"; };
		10FEA9CA1D04D97500338F5B /* MockEntityIdGenerator.cpp */ = {isa = PBXFileReference; fileEncoding = 4; lastKnownFileType = sourcecode.cpp.cpp; path = MockEntityIdGenerator.cpp; sourceTree = "<group>"; };
		10FEA9CB1D04D97500338F5B /* MockEntityIdGenerator.hpp */ = {isa = PBXFileReference; fileEncoding = 4; lastKnownFileType = sourcecode.cpp.h; path = MockEntityIdGenerator.hpp; sourceTree = "<group>"; };
		10FEA9CC1D04D97500338F5B /* MockNode.cpp */ = {isa = PBXFileReference; fileEncoding = 4; lastKnownFileType = sourcecode.cpp.cpp; path = MockNode.cpp; sourceTree = "<group>"; };
		10FEA9CD1D04D97500338F5B /* MockNode.hpp */ = {isa = PBXFileReference; fileEncoding = 4; lastKnownFileType = sourcecode.cpp.h; path = MockNode.hpp; sourceTree = "<group>"; };
		10FEA9CE1D04D97500338F5B /* NodeTests.cpp */ = {isa = PBXFileReference; fileEncoding = 4; lastKnownFileType = sourcecode.cpp.cpp; path = NodeTests.cpp; sourceTree = "<group>"; };
		10FEA9CF1D04D97500338F5B /* NodeTests.hpp */ = {isa = PBXFileReference; fileEncoding = 4; lastKnownFileType = sourcecode.cpp.h; path = NodeTests.hpp; sourceTree = "<group>"; };
		10FEA9DD1D05EAAA00338F5B /* NodeTemplateTests.hpp */ = {isa = PBXFileReference; lastKnownFileType = sourcecode.cpp.h; path = NodeTemplateTests.hpp; sourceTree = "<group>"; };
		10FEA9DE1D05EB3900338F5B /* NodeTemplateTests.cpp */ = {isa = PBXFileReference; fileEncoding = 4; lastKnownFileType = sourcecode.cpp.cpp; path = NodeTemplateTests.cpp; sourceTree = "<group>"; };
		10FEA9E01D05FA4300338F5B /* MockNodeTypes.hpp */ = {isa = PBXFileReference; lastKnownFileType = sourcecode.cpp.h; path = MockNodeTypes.hpp; sourceTree = "<group>"; };
		10FEA9E11D05FB2A00338F5B /* MockNodeTypes.cpp */ = {isa = PBXFileReference; fileEncoding = 4; lastKnownFileType = sourcecode.cpp.cpp; path = MockNodeTypes.cpp; sourceTree = "<group>"; };
		10FEA9ED1D07801700338F5B /* MockNodeContainer.hpp */ = {isa = PBXFileReference; lastKnownFileType = sourcecode.cpp.h; path = MockNodeContainer.hpp; sourceTree = "<group>"; };
		10FEA9EE1D0780C000338F5B /* MockNodeContainer.cpp */ = {isa = PBXFileReference; fileEncoding = 4; lastKnownFileType = sourcecode.cpp.cpp; path = MockNodeContainer.cpp; sourceTree = "<group>"; };
		10FEA9F01D0783E100338F5B /* NodeContainerTests.hpp */ = {isa = PBXFileReference; lastKnownFileType = sourcecode.cpp.h; path = NodeContainerTests.hpp; sourceTree = "<group>"; };
		10FEA9F11D07846500338F5B /* NodeContainerTests.cpp */ = {isa = PBXFileReference; fileEncoding = 4; lastKnownFileType = sourcecode.cpp.cpp; path = NodeContainerTests.cpp; sourceTree = "<group>"; };
		10FEA9FB1D08A17200338F5B /* NodeContainerTemplateTests.hpp */ = {isa = PBXFileReference; lastKnownFileType = sourcecode.cpp.h; path = NodeContainerTemplateTests.hpp; sourceTree = "<group>"; };
		10FEA9FC1D08A1C100338F5B /* NodeContainerTemplateTests.cpp */ = {isa = PBXFileReference; fileEncoding = 4; lastKnownFileType = sourcecode.cpp.cpp; path = NodeContainerTemplateTests.cpp; sourceTree = "<group>"; };
		10FEAA011D0B87EF00338F5B /* NodeManagerTests.hpp */ = {isa = PBXFileReference; lastKnownFileType = sourcecode.cpp.h; path = NodeManagerTests.hpp; sourceTree = "<group>"; };
		10FEAA021D0B883A00338F5B /* NodeManagerTests.cpp */ = {isa = PBXFileReference; fileEncoding = 4; lastKnownFileType = sourcecode.cpp.cpp; path = NodeManagerTests.cpp; sourceTree = "<group>"; };
/* End PBXFileReference section */

/* Begin PBXFrameworksBuildPhase section */
		10FEA9581D03933A00338F5B /* Frameworks */ = {
			isa = PBXFrameworksBuildPhase;
			buildActionMask = 2147483647;
			files = (
			);
			runOnlyForDeploymentPostprocessing = 0;
		};
/* End PBXFrameworksBuildPhase section */

/* Begin PBXGroup section */
		10FEA9521D03933A00338F5B = {
			isa = PBXGroup;
			children = (
				10FEAA021D0B883A00338F5B /* NodeManagerTests.cpp */,
				10FEAA011D0B87EF00338F5B /* NodeManagerTests.hpp */,
				10FEA9691D0393B200338F5B /* ComponentContainerTemplateTests.cpp */,
				10FEA96A1D0393B200338F5B /* ComponentContainerTemplateTests.hpp */,
				10FEA96B1D0393B200338F5B /* ComponentContainerTests.cpp */,
				10FEA96C1D0393B200338F5B /* ComponentContainerTests.hpp */,
				10FEA96D1D0393B200338F5B /* ComponentManagerTests.cpp */,
				10FEA96E1D0393B200338F5B /* ComponentManagerTests.hpp */,
				10FEA96F1D0393B200338F5B /* ComponentTemplateTests.cpp */,
				10FEA9701D0393B200338F5B /* ComponentTemplateTests.hpp */,
				10FEA9711D0393B200338F5B /* ComponentTests.cpp */,
				10FEA9721D0393B200338F5B /* ComponentTests.hpp */,
				10FEA9C81D04D97500338F5B /* EntityManagerTests.cpp */,
				10FEA9C91D04D97500338F5B /* EntityManagerTests.hpp */,
				10FEA9B41D03AFDA00338F5B /* EntitySystemTestSuite.cpp */,
				10FEA9B31D03AF4D00338F5B /* EntitySystemTestSuite.hpp */,
				10FEA9731D0393B200338F5B /* ExceptionTests.cpp */,
				10FEA9741D0393B200338F5B /* ExceptionTests.hpp */,
				10FEA9751D0393B200338F5B /* MockComponent.cpp */,
				10FEA9761D0393B200338F5B /* MockComponent.hpp */,
				10FEA9771D0393B200338F5B /* MockComponentContainer.cpp */,
				10FEA9781D0393B200338F5B /* MockComponentContainer.hpp */,
				10FEA9791D0393B200338F5B /* MockComponentTypes.cpp */,
				10FEA97A1D0393B200338F5B /* MockComponentTypes.hpp */,
				10FEA9CA1D04D97500338F5B /* MockEntityIdGenerator.cpp */,
				10FEA9CB1D04D97500338F5B /* MockEntityIdGenerator.hpp */,
				10FEA9CC1D04D97500338F5B /* MockNode.cpp */,
				10FEA9CD1D04D97500338F5B /* MockNode.hpp */,
				10FEA9EE1D0780C000338F5B /* MockNodeContainer.cpp */,
				10FEA9ED1D07801700338F5B /* MockNodeContainer.hpp */,
				10FEA9E11D05FB2A00338F5B /* MockNodeTypes.cpp */,
				10FEA9E01D05FA4300338F5B /* MockNodeTypes.hpp */,
				10FEA9FC1D08A1C100338F5B /* NodeContainerTemplateTests.cpp */,
				10FEA9FB1D08A17200338F5B /* NodeContainerTemplateTests.hpp */,
				10FEA9F11D07846500338F5B /* NodeContainerTests.cpp */,
				10FEA9F01D0783E100338F5B /* NodeContainerTests.hpp */,
				10FEA9DE1D05EB3900338F5B /* NodeTemplateTests.cpp */,
				10FEA9DD1D05EAAA00338F5B /* NodeTemplateTests.hpp */,
				10FEA9CE1D04D97500338F5B /* NodeTests.cpp */,
				10FEA9CF1D04D97500338F5B /* NodeTests.hpp */,
				10FEA95C1D03933A00338F5B /* Products */,
			);
			sourceTree = "<group>";
		};
		10FEA95C1D03933A00338F5B /* Products */ = {
			isa = PBXGroup;
			children = (
				10FEA95B1D03933A00338F5B /* libEntitySystemTests.a */,
			);
			name = Products;
			sourceTree = "<group>";
		};
/* End PBXGroup section */

/* Begin PBXHeadersBuildPhase section */
		10FEA9591D03933A00338F5B /* Headers */ = {
			isa = PBXHeadersBuildPhase;
			buildActionMask = 2147483647;
			files = (
				10FEA98A1D0393B200338F5B /* MockComponentContainer.hpp in Headers */,
				10FEA9D71D04D97500338F5B /* NodeTests.hpp in Headers */,
				10FEA97E1D0393B200338F5B /* ComponentContainerTests.hpp in Headers */,
				10FEA9881D0393B200338F5B /* MockComponent.hpp in Headers */,
				10FEA9841D0393B200338F5B /* ComponentTests.hpp in Headers */,
				10FEA9801D0393B200338F5B /* ComponentManagerTests.hpp in Headers */,
				10FEA9D11D04D97500338F5B /* EntityManagerTests.hpp in Headers */,
				10FEA9D51D04D97500338F5B /* MockNode.hpp in Headers */,
				10FEA98C1D0393B200338F5B /* MockComponentTypes.hpp in Headers */,
				10FEA9821D0393B200338F5B /* ComponentTemplateTests.hpp in Headers */,
				10FEA9861D0393B200338F5B /* ExceptionTests.hpp in Headers */,
				10FEA9D31D04D97500338F5B /* MockEntityIdGenerator.hpp in Headers */,
				10FEA97C1D0393B200338F5B /* ComponentContainerTemplateTests.hpp in Headers */,
			);
			runOnlyForDeploymentPostprocessing = 0;
		};
/* End PBXHeadersBuildPhase section */

/* Begin PBXNativeTarget section */
		10FEA95A1D03933A00338F5B /* EntitySystemTests */ = {
			isa = PBXNativeTarget;
			buildConfigurationList = 10FEA9661D03933A00338F5B /* Build configuration list for PBXNativeTarget "EntitySystemTests" */;
			buildPhases = (
				10FEA9571D03933A00338F5B /* Sources */,
				10FEA9581D03933A00338F5B /* Frameworks */,
				10FEA9591D03933A00338F5B /* Headers */,
			);
			buildRules = (
			);
			dependencies = (
			);
			name = EntitySystemTests;
			productName = EntitySystemTests;
			productReference = 10FEA95B1D03933A00338F5B /* libEntitySystemTests.a */;
			productType = "com.apple.product-type.library.static";
		};
/* End PBXNativeTarget section */

/* Begin PBXProject section */
		10FEA9531D03933A00338F5B /* Project object */ = {
			isa = PBXProject;
			attributes = {
				LastUpgradeCheck = 0730;
				ORGANIZATIONNAME = "Jordan Littlefair";
				TargetAttributes = {
					10FEA95A1D03933A00338F5B = {
						CreatedOnToolsVersion = 7.3;
					};
				};
			};
			buildConfigurationList = 10FEA9561D03933A00338F5B /* Build configuration list for PBXProject "EntitySystemTests" */;
			compatibilityVersion = "Xcode 3.2";
			developmentRegion = English;
			hasScannedForEncodings = 0;
			knownRegions = (
				en,
			);
			mainGroup = 10FEA9521D03933A00338F5B;
			productRefGroup = 10FEA95C1D03933A00338F5B /* Products */;
			projectDirPath = "";
			projectRoot = "";
			targets = (
				10FEA95A1D03933A00338F5B /* EntitySystemTests */,
			);
		};
/* End PBXProject section */

/* Begin PBXSourcesBuildPhase section */
		10FEA9571D03933A00338F5B /* Sources */ = {
			isa = PBXSourcesBuildPhase;
			buildActionMask = 2147483647;
			files = (
				10FEA97B1D0393B200338F5B /* ComponentContainerTemplateTests.cpp in Sources */,
				10FEA9D41D04D97500338F5B /* MockNode.cpp in Sources */,
				10FEA9831D0393B200338F5B /* ComponentTests.cpp in Sources */,
				10FEA9811D0393B200338F5B /* ComponentTemplateTests.cpp in Sources */,
				10FEA9891D0393B200338F5B /* MockComponentContainer.cpp in Sources */,
				10FEAA031D0B883A00338F5B /* NodeManagerTests.cpp in Sources */,
				10FEA9F21D07846500338F5B /* NodeContainerTests.cpp in Sources */,
				10FEA9DF1D05EB3900338F5B /* NodeTemplateTests.cpp in Sources */,
				10FEA9B51D03AFDA00338F5B /* EntitySystemTestSuite.cpp in Sources */,
				10FEA9FD1D08A1C100338F5B /* NodeContainerTemplateTests.cpp in Sources */,
				10FEA9E21D05FB2A00338F5B /* MockNodeTypes.cpp in Sources */,
				10FEA98B1D0393B200338F5B /* MockComponentTypes.cpp in Sources */,
				10FEA9851D0393B200338F5B /* ExceptionTests.cpp in Sources */,
				10FEA97F1D0393B200338F5B /* ComponentManagerTests.cpp in Sources */,
				10FEA97D1D0393B200338F5B /* ComponentContainerTests.cpp in Sources */,
				10FEA9D21D04D97500338F5B /* MockEntityIdGenerator.cpp in Sources */,
				10FEA9D61D04D97500338F5B /* NodeTests.cpp in Sources */,
				10FEA9D01D04D97500338F5B /* EntityManagerTests.cpp in Sources */,
				10FEA9EF1D0780C000338F5B /* MockNodeContainer.cpp in Sources */,
				10FEA9871D0393B200338F5B /* MockComponent.cpp in Sources */,
			);
			runOnlyForDeploymentPostprocessing = 0;
		};
/* End PBXSourcesBuildPhase section */

/* Begin XCBuildConfiguration section */
		10FEA9641D03933A00338F5B /* Debug */ = {
			isa = XCBuildConfiguration;
			buildSettings = {
				ALWAYS_SEARCH_USER_PATHS = NO;
				CLANG_ANALYZER_NONNULL = YES;
				CLANG_CXX_LANGUAGE_STANDARD = "gnu++0x";
				CLANG_CXX_LIBRARY = "libc++";
				CLANG_ENABLE_MODULES = YES;
				CLANG_ENABLE_OBJC_ARC = YES;
				CLANG_WARN_BOOL_CONVERSION = YES;
				CLANG_WARN_CONSTANT_CONVERSION = YES;
				CLANG_WARN_DIRECT_OBJC_ISA_USAGE = YES_ERROR;
				CLANG_WARN_EMPTY_BODY = YES;
				CLANG_WARN_ENUM_CONVERSION = YES;
				CLANG_WARN_INT_CONVERSION = YES;
				CLANG_WARN_OBJC_ROOT_CLASS = YES_ERROR;
				CLANG_WARN_UNREACHABLE_CODE = YES;
				CLANG_WARN__DUPLICATE_METHOD_MATCH = YES;
				CODE_SIGN_IDENTITY = "-";
				COPY_PHASE_STRIP = NO;
				DEBUG_INFORMATION_FORMAT = dwarf;
				ENABLE_STRICT_OBJC_MSGSEND = YES;
				ENABLE_TESTABILITY = YES;
				GCC_C_LANGUAGE_STANDARD = gnu99;
				GCC_DYNAMIC_NO_PIC = NO;
				GCC_NO_COMMON_BLOCKS = YES;
				GCC_OPTIMIZATION_LEVEL = 0;
				GCC_PREPROCESSOR_DEFINITIONS = (
					"DEBUG=1",
					"$(inherited)",
				);
				GCC_WARN_64_TO_32_BIT_CONVERSION = YES;
				GCC_WARN_ABOUT_RETURN_TYPE = YES_ERROR;
				GCC_WARN_UNDECLARED_SELECTOR = YES;
				GCC_WARN_UNINITIALIZED_AUTOS = YES_AGGRESSIVE;
				GCC_WARN_UNUSED_FUNCTION = YES;
				GCC_WARN_UNUSED_VARIABLE = YES;
				MACOSX_DEPLOYMENT_TARGET = 10.11;
				MTL_ENABLE_DEBUG_INFO = YES;
				ONLY_ACTIVE_ARCH = YES;
				SDKROOT = macosx;
			};
			name = Debug;
		};
		10FEA9651D03933A00338F5B /* Release */ = {
			isa = XCBuildConfiguration;
			buildSettings = {
				ALWAYS_SEARCH_USER_PATHS = NO;
				CLANG_ANALYZER_NONNULL = YES;
				CLANG_CXX_LANGUAGE_STANDARD = "gnu++0x";
				CLANG_CXX_LIBRARY = "libc++";
				CLANG_ENABLE_MODULES = YES;
				CLANG_ENABLE_OBJC_ARC = YES;
				CLANG_WARN_BOOL_CONVERSION = YES;
				CLANG_WARN_CONSTANT_CONVERSION = YES;
				CLANG_WARN_DIRECT_OBJC_ISA_USAGE = YES_ERROR;
				CLANG_WARN_EMPTY_BODY = YES;
				CLANG_WARN_ENUM_CONVERSION = YES;
				CLANG_WARN_INT_CONVERSION = YES;
				CLANG_WARN_OBJC_ROOT_CLASS = YES_ERROR;
				CLANG_WARN_UNREACHABLE_CODE = YES;
				CLANG_WARN__DUPLICATE_METHOD_MATCH = YES;
				CODE_SIGN_IDENTITY = "-";
				COPY_PHASE_STRIP = NO;
				DEBUG_INFORMATION_FORMAT = "dwarf-with-dsym";
				ENABLE_NS_ASSERTIONS = NO;
				ENABLE_STRICT_OBJC_MSGSEND = YES;
				GCC_C_LANGUAGE_STANDARD = gnu99;
				GCC_NO_COMMON_BLOCKS = YES;
				GCC_WARN_64_TO_32_BIT_CONVERSION = YES;
				GCC_WARN_ABOUT_RETURN_TYPE = YES_ERROR;
				GCC_WARN_UNDECLARED_SELECTOR = YES;
				GCC_WARN_UNINITIALIZED_AUTOS = YES_AGGRESSIVE;
				GCC_WARN_UNUSED_FUNCTION = YES;
				GCC_WARN_UNUSED_VARIABLE = YES;
				MACOSX_DEPLOYMENT_TARGET = 10.11;
				MTL_ENABLE_DEBUG_INFO = NO;
				SDKROOT = macosx;
			};
			name = Release;
		};
		10FEA9671D03933A00338F5B /* Debug */ = {
			isa = XCBuildConfiguration;
			buildSettings = {
				EXECUTABLE_PREFIX = lib;
				GCC_ENABLE_CPP_EXCEPTIONS = YES;
				GCC_ENABLE_CPP_RTTI = YES;
				PRODUCT_NAME = "$(TARGET_NAME)";
			};
			name = Debug;
		};
		10FEA9681D03933A00338F5B /* Release */ = {
			isa = XCBuildConfiguration;
			buildSettings = {
				EXECUTABLE_PREFIX = lib;
				GCC_ENABLE_CPP_EXCEPTIONS = YES;
				GCC_ENABLE_CPP_RTTI = YES;
				PRODUCT_NAME = "$(TARGET_NAME)";
			};
			name = Release;
		};
/* End XCBuildConfiguration section */

/* Begin XCConfigurationList section */
		10FEA9561D03933A00338F5B /* Build configuration list for PBXProject "EntitySystemTests" */ = {
			isa = XCConfigurationList;
			buildConfigurations = (
				10FEA9641D03933A00338F5B /* Debug */,
				10FEA9651D03933A00338F5B /* Release */,
			);
			defaultConfigurationIsVisible = 0;
			defaultConfigurationName = Release;
		};
		10FEA9661D03933A00338F5B /* Build configuration list for PBXNativeTarget "EntitySystemTests" */ = {
			isa = XCConfigurationList;
			buildConfigurations = (
				10FEA9671D03933A00338F5B /* Debug */,
				10FEA9681D03933A00338F5B /* Release */,
			);
			defaultConfigurationIsVisible = 0;
			defaultConfigurationName = Release;
		};
/* End XCConfigurationList section */
	};
	rootObject = 10FEA9531D03933A00338F5B /* Project object */;
}
