<?xml version="1.0" encoding="utf-8"?>
<Project ToolsVersion="4.0" xmlns="http://schemas.microsoft.com/developer/msbuild/2003">
  <ItemGroup>
    <Filter Include="Source Files">
      <UniqueIdentifier>{4FC737F1-C7A5-4376-A066-2A32D752A2FF}</UniqueIdentifier>
      <Extensions>cpp;c;cc;cxx;def;odl;idl;hpj;bat;asm;asmx</Extensions>
    </Filter>
    <Filter Include="Header Files">
      <UniqueIdentifier>{93995380-89BD-4b04-88EB-625FBE52EBFB}</UniqueIdentifier>
      <Extensions>h;hpp;hxx;hm;inl;inc;xsd</Extensions>
    </Filter>
    <Filter Include="Resource Files">
      <UniqueIdentifier>{67DA6AB6-F800-4c08-8B7A-83BB121AAD01}</UniqueIdentifier>
      <Extensions>rc;ico;cur;bmp;dlg;rc2;rct;bin;rgs;gif;jpg;jpeg;jpe;resx;tiff;tif;png;wav;mfcribbon-ms</Extensions>
    </Filter>
  </ItemGroup>
  <ItemGroup>
    <ClCompile Include="CyclicGraphCheckerTests.cpp">
      <Filter>Source Files</Filter>
    </ClCompile>
    <ClCompile Include="LambdaTaskTests.cpp">
      <Filter>Source Files</Filter>
    </ClCompile>
    <ClCompile Include="MockSystem.cpp">
      <Filter>Source Files</Filter>
    </ClCompile>
    <ClCompile Include="MockSystemGraph.cpp">
      <Filter>Source Files</Filter>
    </ClCompile>
    <ClCompile Include="MockTask.cpp">
      <Filter>Source Files</Filter>
    </ClCompile>
    <ClCompile Include="OptimalPathFinderTests.cpp">
      <Filter>Source Files</Filter>
    </ClCompile>
    <ClCompile Include="SystemGraphNodeTests.cpp">
      <Filter>Source Files</Filter>
    </ClCompile>
    <ClCompile Include="SystemGraphTests.cpp">
      <Filter>Source Files</Filter>
    </ClCompile>
    <ClCompile Include="SystemManagerExceptionTests.cpp">
      <Filter>Source Files</Filter>
    </ClCompile>
    <ClCompile Include="SystemManagerTestSuite.cpp">
      <Filter>Source Files</Filter>
    </ClCompile>
    <ClCompile Include="SystemTests.cpp">
      <Filter>Source Files</Filter>
    </ClCompile>
    <ClCompile Include="TaskTests.cpp">
      <Filter>Source Files</Filter>
    </ClCompile>
    <ClCompile Include="TaskQueueTests.cpp">
      <Filter>Source Files</Filter>
    </ClCompile>
    <ClCompile Include="TaskProcessorThreadTests.cpp">
      <Filter>Source Files</Filter>
    </ClCompile>
    <ClCompile Include="MockTaskProvider.cpp">
      <Filter>Source Files</Filter>
    </ClCompile>
    <ClCompile Include="ConcurrentTaskProcessorTests.cpp">
      <Filter>Source Files</Filter>
    </ClCompile>
    <ClCompile Include="MockTaskConsumer.cpp">
      <Filter>Source Files</Filter>
    </ClCompile>
    <ClCompile Include="TaskManagerTests.cpp">
      <Filter>Source Files</Filter>
    </ClCompile>
  </ItemGroup>
  <ItemGroup>
    <ClInclude Include="CyclicGraphCheckerTests.hpp">
      <Filter>Header Files</Filter>
    </ClInclude>
    <ClInclude Include="LambdaTaskTests.hpp">
      <Filter>Header Files</Filter>
    </ClInclude>
    <ClInclude Include="MockSystem.hpp">
      <Filter>Header Files</Filter>
    </ClInclude>
    <ClInclude Include="MockSystemGraph.hpp">
      <Filter>Header Files</Filter>
    </ClInclude>
    <ClInclude Include="MockTask.hpp">
      <Filter>Header Files</Filter>
    </ClInclude>
    <ClInclude Include="OptimalPathFinderTests.hpp">
      <Filter>Header Files</Filter>
    </ClInclude>
    <ClInclude Include="SystemGraphNodeTests.hpp">
      <Filter>Header Files</Filter>
    </ClInclude>
    <ClInclude Include="SystemGraphTests.hpp">
      <Filter>Header Files</Filter>
    </ClInclude>
    <ClInclude Include="SystemManagerExceptionTests.hpp">
      <Filter>Header Files</Filter>
    </ClInclude>
    <ClInclude Include="SystemManagerTestSuite.hpp">
      <Filter>Header Files</Filter>
    </ClInclude>
    <ClInclude Include="SystemTests.hpp">
      <Filter>Header Files</Filter>
    </ClInclude>
    <ClInclude Include="TaskTests.hpp">
      <Filter>Header Files</Filter>
    </ClInclude>
    <ClInclude Include="TaskQueueTests.hpp">
      <Filter>Header Files</Filter>
    </ClInclude>
    <ClInclude Include="TaskProcessorThreadTests.hpp">
      <Filter>Header Files</Filter>
    </ClInclude>
    <ClInclude Include="MockTaskProvider.hpp">
      <Filter>Header Files</Filter>
    </ClInclude>
    <ClInclude Include="ConcurrentTaskProcessorTests.hpp">
      <Filter>Header Files</Filter>
    </ClInclude>
    <ClInclude Include="MockTaskConsumer.hpp">
      <Filter>Header Files</Filter>
    </ClInclude>
    <ClInclude Include="TaskManagerTests.hpp">
      <Filter>Header Files</Filter>
    </ClInclude>
  </ItemGroup>
</Project>