// !$*UTF8*$!
{
	archiveVersion = 1;
	classes = {
	};
	objectVersion = 46;
	objects = {

/* Begin PBXBuildFile section */
		10555C971C7B8A8A007BEC3D /* TestCase.cpp in Sources */ = {isa = PBXBuildFile; fileRef = 10555C8B1C7B8A8A007BEC3D /* TestCase.cpp */; };
		10555C981C7B8A8A007BEC3D /* TestCase.hpp in Headers */ = {isa = PBXBuildFile; fileRef = 10555C8C1C7B8A8A007BEC3D /* TestCase.hpp */; };
		10555C991C7B8A8A007BEC3D /* TestCaseResult.cpp in Sources */ = {isa = PBXBuildFile; fileRef = 10555C8D1C7B8A8A007BEC3D /* TestCaseResult.cpp */; };
		10555C9A1C7B8A8A007BEC3D /* TestCaseResult.hpp in Headers */ = {isa = PBXBuildFile; fileRef = 10555C8E1C7B8A8A007BEC3D /* TestCaseResult.hpp */; };
		10555C9B1C7B8A8A007BEC3D /* TestSuite.cpp in Sources */ = {isa = PBXBuildFile; fileRef = 10555C8F1C7B8A8A007BEC3D /* TestSuite.cpp */; };
		10555C9C1C7B8A8A007BEC3D /* TestSuite.hpp in Headers */ = {isa = PBXBuildFile; fileRef = 10555C901C7B8A8A007BEC3D /* TestSuite.hpp */; };
		10555C9D1C7B8A8A007BEC3D /* TestSuiteResult.cpp in Sources */ = {isa = PBXBuildFile; fileRef = 10555C911C7B8A8A007BEC3D /* TestSuiteResult.cpp */; };
		10555C9E1C7B8A8A007BEC3D /* TestSuiteResult.hpp in Headers */ = {isa = PBXBuildFile; fileRef = 10555C921C7B8A8A007BEC3D /* TestSuiteResult.hpp */; };
		10555C9F1C7B8A8A007BEC3D /* TestClass.cpp in Sources */ = {isa = PBXBuildFile; fileRef = 10555C931C7B8A8A007BEC3D /* TestClass.cpp */; };
		10555CA01C7B8A8A007BEC3D /* TestClass.hpp in Headers */ = {isa = PBXBuildFile; fileRef = 10555C941C7B8A8A007BEC3D /* TestClass.hpp */; };
		10555CA11C7B8A8A007BEC3D /* TestClassResult.cpp in Sources */ = {isa = PBXBuildFile; fileRef = 10555C951C7B8A8A007BEC3D /* TestClassResult.cpp */; };
		10555CA21C7B8A8A007BEC3D /* TestClassResult.hpp in Headers */ = {isa = PBXBuildFile; fileRef = 10555C961C7B8A8A007BEC3D /* TestClassResult.hpp */; };
		109068691D42CC060086B32C /* UnitTestClass.cpp in Sources */ = {isa = PBXBuildFile; fileRef = 109068681D42CC060086B32C /* UnitTestClass.cpp */; };
		1090686C1D42CC840086B32C /* IntegrationTestClass.cpp in Sources */ = {isa = PBXBuildFile; fileRef = 1090686B1D42CC840086B32C /* IntegrationTestClass.cpp */; };
		1090686F1D42CCEF0086B32C /* PerformanceTestClass.cpp in Sources */ = {isa = PBXBuildFile; fileRef = 1090686E1D42CCEF0086B32C /* PerformanceTestClass.cpp */; };
		109068781D42E4EF0086B32C /* XmlResultPrinter.cpp in Sources */ = {isa = PBXBuildFile; fileRef = 109068771D42E4EF0086B32C /* XmlResultPrinter.cpp */; };
		1090687C1D43A24E0086B32C /* ResultPrinterCollection.cpp in Sources */ = {isa = PBXBuildFile; fileRef = 1090687B1D43A24E0086B32C /* ResultPrinterCollection.cpp */; };
		10A7B3141CB30A6300B78A7C /* AssertResult.cpp in Sources */ = {isa = PBXBuildFile; fileRef = 10A7B3131CB30A6300B78A7C /* AssertResult.cpp */; };
		10FEA99D1D03987B00338F5B /* ConsoleResultPrinter.cpp in Sources */ = {isa = PBXBuildFile; fileRef = 10FEA99A1D03987B00338F5B /* ConsoleResultPrinter.cpp */; };
		10FEA99E1D03987B00338F5B /* ConsoleResultPrinter.hpp in Headers */ = {isa = PBXBuildFile; fileRef = 10FEA99B1D03987B00338F5B /* ConsoleResultPrinter.hpp */; };
		10FEA99F1D03987B00338F5B /* IResultPrinter.hpp in Headers */ = {isa = PBXBuildFile; fileRef = 10FEA99C1D03987B00338F5B /* IResultPrinter.hpp */; };
/* End PBXBuildFile section */

/* Begin PBXFileReference section */
		10555C7D1C7B8A66007BEC3D /* libFramework.a */ = {isa = PBXFileReference; explicitFileType = archive.ar; includeInIndex = 0; path = libFramework.a; sourceTree = BUILT_PRODUCTS_DIR; };
		10555C8B1C7B8A8A007BEC3D /* TestCase.cpp */ = {isa = PBXFileReference; fileEncoding = 4; lastKnownFileType = sourcecode.cpp.cpp; path = TestCase.cpp; sourceTree = "<group>"; };
		10555C8C1C7B8A8A007BEC3D /* TestCase.hpp */ = {isa = PBXFileReference; fileEncoding = 4; lastKnownFileType = sourcecode.cpp.h; path = TestCase.hpp; sourceTree = "<group>"; };
		10555C8D1C7B8A8A007BEC3D /* TestCaseResult.cpp */ = {isa = PBXFileReference; fileEncoding = 4; lastKnownFileType = sourcecode.cpp.cpp; path = TestCaseResult.cpp; sourceTree = "<group>"; };
		10555C8E1C7B8A8A007BEC3D /* TestCaseResult.hpp */ = {isa = PBXFileReference; fileEncoding = 4; lastKnownFileType = sourcecode.cpp.h; path = TestCaseResult.hpp; sourceTree = "<group>"; };
		10555C8F1C7B8A8A007BEC3D /* TestSuite.cpp */ = {isa = PBXFileReference; fileEncoding = 4; lastKnownFileType = sourcecode.cpp.cpp; path = TestSuite.cpp; sourceTree = "<group>"; };
		10555C901C7B8A8A007BEC3D /* TestSuite.hpp */ = {isa = PBXFileReference; fileEncoding = 4; lastKnownFileType = sourcecode.cpp.h; path = TestSuite.hpp; sourceTree = "<group>"; };
		10555C911C7B8A8A007BEC3D /* TestSuiteResult.cpp */ = {isa = PBXFileReference; fileEncoding = 4; lastKnownFileType = sourcecode.cpp.cpp; path = TestSuiteResult.cpp; sourceTree = "<group>"; };
		10555C921C7B8A8A007BEC3D /* TestSuiteResult.hpp */ = {isa = PBXFileReference; fileEncoding = 4; lastKnownFileType = sourcecode.cpp.h; path = TestSuiteResult.hpp; sourceTree = "<group>"; };
		10555C931C7B8A8A007BEC3D /* TestClass.cpp */ = {isa = PBXFileReference; fileEncoding = 4; lastKnownFileType = sourcecode.cpp.cpp; path = TestClass.cpp; sourceTree = "<group>"; };
		10555C941C7B8A8A007BEC3D /* TestClass.hpp */ = {isa = PBXFileReference; fileEncoding = 4; lastKnownFileType = sourcecode.cpp.h; path = TestClass.hpp; sourceTree = "<group>"; };
		10555C951C7B8A8A007BEC3D /* TestClassResult.cpp */ = {isa = PBXFileReference; fileEncoding = 4; lastKnownFileType = sourcecode.cpp.cpp; path = TestClassResult.cpp; sourceTree = "<group>"; };
		10555C961C7B8A8A007BEC3D /* TestClassResult.hpp */ = {isa = PBXFileReference; fileEncoding = 4; lastKnownFileType = sourcecode.cpp.h; path = TestClassResult.hpp; sourceTree = "<group>"; };
		109068661D42C8F50086B32C /* TestType.hpp */ = {isa = PBXFileReference; lastKnownFileType = sourcecode.cpp.h; path = TestType.hpp; sourceTree = "<group>"; };
		109068671D42CBB50086B32C /* UnitTestClass.hpp */ = {isa = PBXFileReference; lastKnownFileType = sourcecode.cpp.h; path = UnitTestClass.hpp; sourceTree = "<group>"; };
		109068681D42CC060086B32C /* UnitTestClass.cpp */ = {isa = PBXFileReference; fileEncoding = 4; lastKnownFileType = sourcecode.cpp.cpp; path = UnitTestClass.cpp; sourceTree = "<group>"; };
		1090686A1D42CC5C0086B32C /* IntegrationTestClass.hpp */ = {isa = PBXFileReference; lastKnownFileType = sourcecode.cpp.h; path = IntegrationTestClass.hpp; sourceTree = "<group>"; };
		1090686B1D42CC840086B32C /* IntegrationTestClass.cpp */ = {isa = PBXFileReference; fileEncoding = 4; lastKnownFileType = sourcecode.cpp.cpp; path = IntegrationTestClass.cpp; sourceTree = "<group>"; };
		1090686D1D42CCC80086B32C /* PerformanceTestClass.hpp */ = {isa = PBXFileReference; lastKnownFileType = sourcecode.cpp.h; path = PerformanceTestClass.hpp; sourceTree = "<group>"; };
		1090686E1D42CCEF0086B32C /* PerformanceTestClass.cpp */ = {isa = PBXFileReference; fileEncoding = 4; lastKnownFileType = sourcecode.cpp.cpp; path = PerformanceTestClass.cpp; sourceTree = "<group>"; };
		109068761D42E4770086B32C /* XmlResultPrinter.hpp */ = {isa = PBXFileReference; lastKnownFileType = sourcecode.cpp.h; path = XmlResultPrinter.hpp; sourceTree = "<group>"; };
		109068771D42E4EF0086B32C /* XmlResultPrinter.cpp */ = {isa = PBXFileReference; fileEncoding = 4; lastKnownFileType = sourcecode.cpp.cpp; path = XmlResultPrinter.cpp; sourceTree = "<group>"; };
		1090687A1D43A1E80086B32C /* ResultPrinterCollection.hpp */ = {isa = PBXFileReference; lastKnownFileType = sourcecode.cpp.h; path = ResultPrinterCollection.hpp; sourceTree = "<group>"; };
		1090687B1D43A24E0086B32C /* ResultPrinterCollection.cpp */ = {isa = PBXFileReference; fileEncoding = 4; lastKnownFileType = sourcecode.cpp.cpp; path = ResultPrinterCollection.cpp; sourceTree = "<group>"; };
		10A7B3121CB3098700B78A7C /* AssertResult.hpp */ = {isa = PBXFileReference; lastKnownFileType = sourcecode.cpp.h; path = AssertResult.hpp; sourceTree = "<group>"; };
		10A7B3131CB30A6300B78A7C /* AssertResult.cpp */ = {isa = PBXFileReference; fileEncoding = 4; lastKnownFileType = sourcecode.cpp.cpp; path = AssertResult.cpp; sourceTree = "<group>"; };
		10FEA99A1D03987B00338F5B /* ConsoleResultPrinter.cpp */ = {isa = PBXFileReference; fileEncoding = 4; lastKnownFileType = sourcecode.cpp.cpp; path = ConsoleResultPrinter.cpp; sourceTree = "<group>"; };
		10FEA99B1D03987B00338F5B /* ConsoleResultPrinter.hpp */ = {isa = PBXFileReference; fileEncoding = 4; lastKnownFileType = sourcecode.cpp.h; path = ConsoleResultPrinter.hpp; sourceTree = "<group>"; };
		10FEA99C1D03987B00338F5B /* IResultPrinter.hpp */ = {isa = PBXFileReference; fileEncoding = 4; lastKnownFileType = sourcecode.cpp.h; path = IResultPrinter.hpp; sourceTree = "<group>"; };
/* End PBXFileReference section */

/* Begin PBXFrameworksBuildPhase section */
		10555C7A1C7B8A66007BEC3D /* Frameworks */ = {
			isa = PBXFrameworksBuildPhase;
			buildActionMask = 2147483647;
			files = (
			);
			runOnlyForDeploymentPostprocessing = 0;
		};
/* End PBXFrameworksBuildPhase section */

/* Begin PBXGroup section */
		10555C741C7B8A66007BEC3D = {
			isa = PBXGroup;
			children = (
				10A7B3131CB30A6300B78A7C /* AssertResult.cpp */,
				10A7B3121CB3098700B78A7C /* AssertResult.hpp */,
				10FEA99A1D03987B00338F5B /* ConsoleResultPrinter.cpp */,
				10FEA99B1D03987B00338F5B /* ConsoleResultPrinter.hpp */,
				1090686B1D42CC840086B32C /* IntegrationTestClass.cpp */,
				1090686A1D42CC5C0086B32C /* IntegrationTestClass.hpp */,
				10FEA99C1D03987B00338F5B /* IResultPrinter.hpp */,
				1090686E1D42CCEF0086B32C /* PerformanceTestClass.cpp */,
				1090686D1D42CCC80086B32C /* PerformanceTestClass.hpp */,
				1090687B1D43A24E0086B32C /* ResultPrinterCollection.cpp */,
				1090687A1D43A1E80086B32C /* ResultPrinterCollection.hpp */,
				10555C8B1C7B8A8A007BEC3D /* TestCase.cpp */,
				10555C8C1C7B8A8A007BEC3D /* TestCase.hpp */,
				10555C8D1C7B8A8A007BEC3D /* TestCaseResult.cpp */,
				10555C8E1C7B8A8A007BEC3D /* TestCaseResult.hpp */,
				10555C931C7B8A8A007BEC3D /* TestClass.cpp */,
				10555C941C7B8A8A007BEC3D /* TestClass.hpp */,
				10555C951C7B8A8A007BEC3D /* TestClassResult.cpp */,
				10555C961C7B8A8A007BEC3D /* TestClassResult.hpp */,
				10555C8F1C7B8A8A007BEC3D /* TestSuite.cpp */,
				10555C901C7B8A8A007BEC3D /* TestSuite.hpp */,
				10555C911C7B8A8A007BEC3D /* TestSuiteResult.cpp */,
				10555C921C7B8A8A007BEC3D /* TestSuiteResult.hpp */,
				109068661D42C8F50086B32C /* TestType.hpp */,
				109068681D42CC060086B32C /* UnitTestClass.cpp */,
				109068671D42CBB50086B32C /* UnitTestClass.hpp */,
				109068771D42E4EF0086B32C /* XmlResultPrinter.cpp */,
				109068761D42E4770086B32C /* XmlResultPrinter.hpp */,
				10555C7E1C7B8A66007BEC3D /* Products */,
			);
			sourceTree = "<group>";
		};
		10555C7E1C7B8A66007BEC3D /* Products */ = {
			isa = PBXGroup;
			children = (
				10555C7D1C7B8A66007BEC3D /* libFramework.a */,
			);
			name = Products;
			sourceTree = "<group>";
		};
/* End PBXGroup section */

/* Begin PBXHeadersBuildPhase section */
		10555C7B1C7B8A66007BEC3D /* Headers */ = {
			isa = PBXHeadersBuildPhase;
			buildActionMask = 2147483647;
			files = (
				10555C9C1C7B8A8A007BEC3D /* TestSuite.hpp in Headers */,
				10555C981C7B8A8A007BEC3D /* TestCase.hpp in Headers */,
				10555C9E1C7B8A8A007BEC3D /* TestSuiteResult.hpp in Headers */,
				10555CA01C7B8A8A007BEC3D /* TestClass.hpp in Headers */,
				10FEA99F1D03987B00338F5B /* IResultPrinter.hpp in Headers */,
				10555C9A1C7B8A8A007BEC3D /* TestCaseResult.hpp in Headers */,
				10555CA21C7B8A8A007BEC3D /* TestClassResult.hpp in Headers */,
				10FEA99E1D03987B00338F5B /* ConsoleResultPrinter.hpp in Headers */,
			);
			runOnlyForDeploymentPostprocessing = 0;
		};
/* End PBXHeadersBuildPhase section */

/* Begin PBXNativeTarget section */
		10555C7C1C7B8A66007BEC3D /* Framework */ = {
			isa = PBXNativeTarget;
			buildConfigurationList = 10555C881C7B8A66007BEC3D /* Build configuration list for PBXNativeTarget "Framework" */;
			buildPhases = (
				10555C791C7B8A66007BEC3D /* Sources */,
				10555C7A1C7B8A66007BEC3D /* Frameworks */,
				10555C7B1C7B8A66007BEC3D /* Headers */,
			);
			buildRules = (
			);
			dependencies = (
			);
			name = Framework;
			productName = Framework;
			productReference = 10555C7D1C7B8A66007BEC3D /* libFramework.a */;
			productType = "com.apple.product-type.library.static";
		};
/* End PBXNativeTarget section */

/* Begin PBXProject section */
		10555C751C7B8A66007BEC3D /* Project object */ = {
			isa = PBXProject;
			attributes = {
				LastUpgradeCheck = 0720;
				ORGANIZATIONNAME = "Jordan Littlefair";
				TargetAttributes = {
					10555C7C1C7B8A66007BEC3D = {
						CreatedOnToolsVersion = 7.2.1;
					};
				};
			};
			buildConfigurationList = 10555C781C7B8A66007BEC3D /* Build configuration list for PBXProject "Framework" */;
			compatibilityVersion = "Xcode 3.2";
			developmentRegion = English;
			hasScannedForEncodings = 0;
			knownRegions = (
				en,
			);
			mainGroup = 10555C741C7B8A66007BEC3D;
			productRefGroup = 10555C7E1C7B8A66007BEC3D /* Products */;
			projectDirPath = "";
			projectRoot = "";
			targets = (
				10555C7C1C7B8A66007BEC3D /* Framework */,
			);
		};
/* End PBXProject section */

/* Begin PBXSourcesBuildPhase section */
		10555C791C7B8A66007BEC3D /* Sources */ = {
			isa = PBXSourcesBuildPhase;
			buildActionMask = 2147483647;
			files = (
				10555C9B1C7B8A8A007BEC3D /* TestSuite.cpp in Sources */,
				10555C9D1C7B8A8A007BEC3D /* TestSuiteResult.cpp in Sources */,
				10555C991C7B8A8A007BEC3D /* TestCaseResult.cpp in Sources */,
				10555C9F1C7B8A8A007BEC3D /* TestClass.cpp in Sources */,
				109068691D42CC060086B32C /* UnitTestClass.cpp in Sources */,
				109068781D42E4EF0086B32C /* XmlResultPrinter.cpp in Sources */,
				10555CA11C7B8A8A007BEC3D /* TestClassResult.cpp in Sources */,
				10A7B3141CB30A6300B78A7C /* AssertResult.cpp in Sources */,
				10555C971C7B8A8A007BEC3D /* TestCase.cpp in Sources */,
				10FEA99D1D03987B00338F5B /* ConsoleResultPrinter.cpp in Sources */,
				1090686C1D42CC840086B32C /* IntegrationTestClass.cpp in Sources */,
				1090687C1D43A24E0086B32C /* ResultPrinterCollection.cpp in Sources */,
				1090686F1D42CCEF0086B32C /* PerformanceTestClass.cpp in Sources */,
			);
			runOnlyForDeploymentPostprocessing = 0;
		};
/* End PBXSourcesBuildPhase section */

/* Begin XCBuildConfiguration section */
		10555C861C7B8A66007BEC3D /* Debug */ = {
			isa = XCBuildConfiguration;
			buildSettings = {
				ALWAYS_SEARCH_USER_PATHS = NO;
				CLANG_CXX_LANGUAGE_STANDARD = "gnu++0x";
				CLANG_CXX_LIBRARY = "libc++";
				CLANG_ENABLE_MODULES = YES;
				CLANG_ENABLE_OBJC_ARC = YES;
				CLANG_WARN_BOOL_CONVERSION = YES;
				CLANG_WARN_CONSTANT_CONVERSION = YES;
				CLANG_WARN_DIRECT_OBJC_ISA_USAGE = YES_ERROR;
				CLANG_WARN_EMPTY_BODY = YES;
				CLANG_WARN_ENUM_CONVERSION = YES;
				CLANG_WARN_INT_CONVERSION = YES;
				CLANG_WARN_OBJC_ROOT_CLASS = YES_ERROR;
				CLANG_WARN_UNREACHABLE_CODE = YES;
				CLANG_WARN__DUPLICATE_METHOD_MATCH = YES;
				CODE_SIGN_IDENTITY = "-";
				COPY_PHASE_STRIP = NO;
				DEBUG_INFORMATION_FORMAT = dwarf;
				ENABLE_STRICT_OBJC_MSGSEND = YES;
				ENABLE_TESTABILITY = YES;
				GCC_C_LANGUAGE_STANDARD = gnu99;
				GCC_DYNAMIC_NO_PIC = NO;
				GCC_NO_COMMON_BLOCKS = YES;
				GCC_OPTIMIZATION_LEVEL = 0;
				GCC_PREPROCESSOR_DEFINITIONS = (
					"DEBUG=1",
					"$(inherited)",
				);
				GCC_WARN_64_TO_32_BIT_CONVERSION = YES;
				GCC_WARN_ABOUT_RETURN_TYPE = YES_ERROR;
				GCC_WARN_UNDECLARED_SELECTOR = YES;
				GCC_WARN_UNINITIALIZED_AUTOS = YES_AGGRESSIVE;
				GCC_WARN_UNUSED_FUNCTION = YES;
				GCC_WARN_UNUSED_VARIABLE = YES;
				MACOSX_DEPLOYMENT_TARGET = 10.11;
				MTL_ENABLE_DEBUG_INFO = YES;
				ONLY_ACTIVE_ARCH = YES;
				SDKROOT = macosx;
			};
			name = Debug;
		};
		10555C871C7B8A66007BEC3D /* Release */ = {
			isa = XCBuildConfiguration;
			buildSettings = {
				ALWAYS_SEARCH_USER_PATHS = NO;
				CLANG_CXX_LANGUAGE_STANDARD = "gnu++0x";
				CLANG_CXX_LIBRARY = "libc++";
				CLANG_ENABLE_MODULES = YES;
				CLANG_ENABLE_OBJC_ARC = YES;
				CLANG_WARN_BOOL_CONVERSION = YES;
				CLANG_WARN_CONSTANT_CONVERSION = YES;
				CLANG_WARN_DIRECT_OBJC_ISA_USAGE = YES_ERROR;
				CLANG_WARN_EMPTY_BODY = YES;
				CLANG_WARN_ENUM_CONVERSION = YES;
				CLANG_WARN_INT_CONVERSION = YES;
				CLANG_WARN_OBJC_ROOT_CLASS = YES_ERROR;
				CLANG_WARN_UNREACHABLE_CODE = YES;
				CLANG_WARN__DUPLICATE_METHOD_MATCH = YES;
				CODE_SIGN_IDENTITY = "-";
				COPY_PHASE_STRIP = NO;
				DEBUG_INFORMATION_FORMAT = "dwarf-with-dsym";
				ENABLE_NS_ASSERTIONS = NO;
				ENABLE_STRICT_OBJC_MSGSEND = YES;
				GCC_C_LANGUAGE_STANDARD = gnu99;
				GCC_NO_COMMON_BLOCKS = YES;
				GCC_WARN_64_TO_32_BIT_CONVERSION = YES;
				GCC_WARN_ABOUT_RETURN_TYPE = YES_ERROR;
				GCC_WARN_UNDECLARED_SELECTOR = YES;
				GCC_WARN_UNINITIALIZED_AUTOS = YES_AGGRESSIVE;
				GCC_WARN_UNUSED_FUNCTION = YES;
				GCC_WARN_UNUSED_VARIABLE = YES;
				MACOSX_DEPLOYMENT_TARGET = 10.11;
				MTL_ENABLE_DEBUG_INFO = NO;
				SDKROOT = macosx;
			};
			name = Release;
		};
		10555C891C7B8A66007BEC3D /* Debug */ = {
			isa = XCBuildConfiguration;
			buildSettings = {
				EXECUTABLE_PREFIX = lib;
				GCC_ENABLE_CPP_EXCEPTIONS = YES;
				GCC_ENABLE_CPP_RTTI = YES;
				PRODUCT_NAME = "$(TARGET_NAME)";
			};
			name = Debug;
		};
		10555C8A1C7B8A66007BEC3D /* Release */ = {
			isa = XCBuildConfiguration;
			buildSettings = {
				EXECUTABLE_PREFIX = lib;
				GCC_ENABLE_CPP_EXCEPTIONS = YES;
				GCC_ENABLE_CPP_RTTI = YES;
				PRODUCT_NAME = "$(TARGET_NAME)";
			};
			name = Release;
		};
/* End XCBuildConfiguration section */

/* Begin XCConfigurationList section */
		10555C781C7B8A66007BEC3D /* Build configuration list for PBXProject "Framework" */ = {
			isa = XCConfigurationList;
			buildConfigurations = (
				10555C861C7B8A66007BEC3D /* Debug */,
				10555C871C7B8A66007BEC3D /* Release */,
			);
			defaultConfigurationIsVisible = 0;
			defaultConfigurationName = Release;
		};
		10555C881C7B8A66007BEC3D /* Build configuration list for PBXNativeTarget "Framework" */ = {
			isa = XCConfigurationList;
			buildConfigurations = (
				10555C891C7B8A66007BEC3D /* Debug */,
				10555C8A1C7B8A66007BEC3D /* Release */,
			);
			defaultConfigurationIsVisible = 0;
			defaultConfigurationName = Release;
		};
/* End XCConfigurationList section */
	};
	rootObject = 10555C751C7B8A66007BEC3D /* Project object */;
}
