// !$*UTF8*$!
{
	archiveVersion = 1;
	classes = {
	};
	objectVersion = 46;
	objects = {

/* Begin PBXBuildFile section */
		103F69DB1D973BB5000C18CA /* MathTestSuite.cpp in Sources */ = {isa = PBXBuildFile; fileRef = 103F69D51D973BB5000C18CA /* MathTestSuite.cpp */; };
		103F69DC1D973BB5000C18CA /* MathTestSuite.hpp in Headers */ = {isa = PBXBuildFile; fileRef = 103F69D61D973BB5000C18CA /* MathTestSuite.hpp */; };
		103F69DD1D973BB5000C18CA /* Vector2Tests.hpp in Headers */ = {isa = PBXBuildFile; fileRef = 103F69D71D973BB5000C18CA /* Vector2Tests.hpp */; };
		103F69DE1D973BB5000C18CA /* Vector3Tests.hpp in Headers */ = {isa = PBXBuildFile; fileRef = 103F69D81D973BB5000C18CA /* Vector3Tests.hpp */; };
		103F69DF1D973BB5000C18CA /* Vector4Tests.hpp in Headers */ = {isa = PBXBuildFile; fileRef = 103F69D91D973BB5000C18CA /* Vector4Tests.hpp */; };
		103F69E01D973BB5000C18CA /* VectorTestsBase.hpp in Headers */ = {isa = PBXBuildFile; fileRef = 103F69DA1D973BB5000C18CA /* VectorTestsBase.hpp */; };
/* End PBXBuildFile section */

/* Begin PBXFileReference section */
		103F69C71D973B6A000C18CA /* libMathTests.a */ = {isa = PBXFileReference; explicitFileType = archive.ar; includeInIndex = 0; path = libMathTests.a; sourceTree = BUILT_PRODUCTS_DIR; };
		103F69D51D973BB5000C18CA /* MathTestSuite.cpp */ = {isa = PBXFileReference; fileEncoding = 4; lastKnownFileType = sourcecode.cpp.cpp; path = MathTestSuite.cpp; sourceTree = "<group>"; };
		103F69D61D973BB5000C18CA /* MathTestSuite.hpp */ = {isa = PBXFileReference; fileEncoding = 4; lastKnownFileType = sourcecode.cpp.h; path = MathTestSuite.hpp; sourceTree = "<group>"; };
		103F69D71D973BB5000C18CA /* Vector2Tests.hpp */ = {isa = PBXFileReference; fileEncoding = 4; lastKnownFileType = sourcecode.cpp.h; path = Vector2Tests.hpp; sourceTree = "<group>"; };
		103F69D81D973BB5000C18CA /* Vector3Tests.hpp */ = {isa = PBXFileReference; fileEncoding = 4; lastKnownFileType = sourcecode.cpp.h; path = Vector3Tests.hpp; sourceTree = "<group>"; };
		103F69D91D973BB5000C18CA /* Vector4Tests.hpp */ = {isa = PBXFileReference; fileEncoding = 4; lastKnownFileType = sourcecode.cpp.h; path = Vector4Tests.hpp; sourceTree = "<group>"; };
		103F69DA1D973BB5000C18CA /* VectorTestsBase.hpp */ = {isa = PBXFileReference; fileEncoding = 4; lastKnownFileType = sourcecode.cpp.h; path = VectorTestsBase.hpp; sourceTree = "<group>"; };
/* End PBXFileReference section */

/* Begin PBXFrameworksBuildPhase section */
		103F69C41D973B6A000C18CA /* Frameworks */ = {
			isa = PBXFrameworksBuildPhase;
			buildActionMask = 2147483647;
			files = (
			);
			runOnlyForDeploymentPostprocessing = 0;
		};
/* End PBXFrameworksBuildPhase section */

/* Begin PBXGroup section */
		103F69BE1D973B6A000C18CA = {
			isa = PBXGroup;
			children = (
				103F69D51D973BB5000C18CA /* MathTestSuite.cpp */,
				103F69D61D973BB5000C18CA /* MathTestSuite.hpp */,
				103F69D71D973BB5000C18CA /* Vector2Tests.hpp */,
				103F69D81D973BB5000C18CA /* Vector3Tests.hpp */,
				103F69D91D973BB5000C18CA /* Vector4Tests.hpp */,
				103F69DA1D973BB5000C18CA /* VectorTestsBase.hpp */,
				103F69C81D973B6A000C18CA /* Products */,
			);
			sourceTree = "<group>";
		};
		103F69C81D973B6A000C18CA /* Products */ = {
			isa = PBXGroup;
			children = (
				103F69C71D973B6A000C18CA /* libMathTests.a */,
			);
			name = Products;
			sourceTree = "<group>";
		};
/* End PBXGroup section */

/* Begin PBXHeadersBuildPhase section */
		103F69C51D973B6A000C18CA /* Headers */ = {
			isa = PBXHeadersBuildPhase;
			buildActionMask = 2147483647;
			files = (
				103F69DF1D973BB5000C18CA /* Vector4Tests.hpp in Headers */,
				103F69DD1D973BB5000C18CA /* Vector2Tests.hpp in Headers */,
				103F69E01D973BB5000C18CA /* VectorTestsBase.hpp in Headers */,
				103F69DE1D973BB5000C18CA /* Vector3Tests.hpp in Headers */,
				103F69DC1D973BB5000C18CA /* MathTestSuite.hpp in Headers */,
			);
			runOnlyForDeploymentPostprocessing = 0;
		};
/* End PBXHeadersBuildPhase section */

/* Begin PBXNativeTarget section */
		103F69C61D973B6A000C18CA /* MathTests */ = {
			isa = PBXNativeTarget;
			buildConfigurationList = 103F69D21D973B6A000C18CA /* Build configuration list for PBXNativeTarget "MathTests" */;
			buildPhases = (
				103F69C31D973B6A000C18CA /* Sources */,
				103F69C41D973B6A000C18CA /* Frameworks */,
				103F69C51D973B6A000C18CA /* Headers */,
			);
			buildRules = (
			);
			dependencies = (
			);
			name = MathTests;
			productName = MathTests;
			productReference = 103F69C71D973B6A000C18CA /* libMathTests.a */;
			productType = "com.apple.product-type.library.static";
		};
/* End PBXNativeTarget section */

/* Begin PBXProject section */
		103F69BF1D973B6A000C18CA /* Project object */ = {
			isa = PBXProject;
			attributes = {
				LastUpgradeCheck = 0730;
				ORGANIZATIONNAME = "Jordan Littlefair";
				TargetAttributes = {
					103F69C61D973B6A000C18CA = {
						CreatedOnToolsVersion = 7.3.1;
					};
				};
			};
			buildConfigurationList = 103F69C21D973B6A000C18CA /* Build configuration list for PBXProject "MathTests" */;
			compatibilityVersion = "Xcode 3.2";
			developmentRegion = English;
			hasScannedForEncodings = 0;
			knownRegions = (
				en,
			);
			mainGroup = 103F69BE1D973B6A000C18CA;
			productRefGroup = 103F69C81D973B6A000C18CA /* Products */;
			projectDirPath = "";
			projectRoot = "";
			targets = (
				103F69C61D973B6A000C18CA /* MathTests */,
			);
		};
/* End PBXProject section */

/* Begin PBXSourcesBuildPhase section */
		103F69C31D973B6A000C18CA /* Sources */ = {
			isa = PBXSourcesBuildPhase;
			buildActionMask = 2147483647;
			files = (
				103F69DB1D973BB5000C18CA /* MathTestSuite.cpp in Sources */,
			);
			runOnlyForDeploymentPostprocessing = 0;
		};
/* End PBXSourcesBuildPhase section */

/* Begin XCBuildConfiguration section */
		103F69D01D973B6A000C18CA /* Debug */ = {
			isa = XCBuildConfiguration;
			buildSettings = {
				ALWAYS_SEARCH_USER_PATHS = NO;
				CLANG_ANALYZER_NONNULL = YES;
				CLANG_CXX_LANGUAGE_STANDARD = "gnu++0x";
				CLANG_CXX_LIBRARY = "libc++";
				CLANG_ENABLE_MODULES = YES;
				CLANG_ENABLE_OBJC_ARC = YES;
				CLANG_WARN_BOOL_CONVERSION = YES;
				CLANG_WARN_CONSTANT_CONVERSION = YES;
				CLANG_WARN_DIRECT_OBJC_ISA_USAGE = YES_ERROR;
				CLANG_WARN_EMPTY_BODY = YES;
				CLANG_WARN_ENUM_CONVERSION = YES;
				CLANG_WARN_INT_CONVERSION = YES;
				CLANG_WARN_OBJC_ROOT_CLASS = YES_ERROR;
				CLANG_WARN_UNREACHABLE_CODE = YES;
				CLANG_WARN__DUPLICATE_METHOD_MATCH = YES;
				CODE_SIGN_IDENTITY = "-";
				COPY_PHASE_STRIP = NO;
				DEBUG_INFORMATION_FORMAT = dwarf;
				ENABLE_STRICT_OBJC_MSGSEND = YES;
				ENABLE_TESTABILITY = YES;
				GCC_C_LANGUAGE_STANDARD = gnu99;
				GCC_DYNAMIC_NO_PIC = NO;
				GCC_NO_COMMON_BLOCKS = YES;
				GCC_OPTIMIZATION_LEVEL = 0;
				GCC_PREPROCESSOR_DEFINITIONS = (
					"DEBUG=1",
					"$(inherited)",
				);
				GCC_WARN_64_TO_32_BIT_CONVERSION = YES;
				GCC_WARN_ABOUT_RETURN_TYPE = YES_ERROR;
				GCC_WARN_UNDECLARED_SELECTOR = YES;
				GCC_WARN_UNINITIALIZED_AUTOS = YES_AGGRESSIVE;
				GCC_WARN_UNUSED_FUNCTION = YES;
				GCC_WARN_UNUSED_VARIABLE = YES;
				MACOSX_DEPLOYMENT_TARGET = 10.11;
				MTL_ENABLE_DEBUG_INFO = YES;
				ONLY_ACTIVE_ARCH = YES;
				SDKROOT = macosx;
			};
			name = Debug;
		};
		103F69D11D973B6A000C18CA /* Release */ = {
			isa = XCBuildConfiguration;
			buildSettings = {
				ALWAYS_SEARCH_USER_PATHS = NO;
				CLANG_ANALYZER_NONNULL = YES;
				CLANG_CXX_LANGUAGE_STANDARD = "gnu++0x";
				CLANG_CXX_LIBRARY = "libc++";
				CLANG_ENABLE_MODULES = YES;
				CLANG_ENABLE_OBJC_ARC = YES;
				CLANG_WARN_BOOL_CONVERSION = YES;
				CLANG_WARN_CONSTANT_CONVERSION = YES;
				CLANG_WARN_DIRECT_OBJC_ISA_USAGE = YES_ERROR;
				CLANG_WARN_EMPTY_BODY = YES;
				CLANG_WARN_ENUM_CONVERSION = YES;
				CLANG_WARN_INT_CONVERSION = YES;
				CLANG_WARN_OBJC_ROOT_CLASS = YES_ERROR;
				CLANG_WARN_UNREACHABLE_CODE = YES;
				CLANG_WARN__DUPLICATE_METHOD_MATCH = YES;
				CODE_SIGN_IDENTITY = "-";
				COPY_PHASE_STRIP = NO;
				DEBUG_INFORMATION_FORMAT = "dwarf-with-dsym";
				ENABLE_NS_ASSERTIONS = NO;
				ENABLE_STRICT_OBJC_MSGSEND = YES;
				GCC_C_LANGUAGE_STANDARD = gnu99;
				GCC_NO_COMMON_BLOCKS = YES;
				GCC_WARN_64_TO_32_BIT_CONVERSION = YES;
				GCC_WARN_ABOUT_RETURN_TYPE = YES_ERROR;
				GCC_WARN_UNDECLARED_SELECTOR = YES;
				GCC_WARN_UNINITIALIZED_AUTOS = YES_AGGRESSIVE;
				GCC_WARN_UNUSED_FUNCTION = YES;
				GCC_WARN_UNUSED_VARIABLE = YES;
				MACOSX_DEPLOYMENT_TARGET = 10.11;
				MTL_ENABLE_DEBUG_INFO = NO;
				SDKROOT = macosx;
			};
			name = Release;
		};
		103F69D31D973B6A000C18CA /* Debug */ = {
			isa = XCBuildConfiguration;
			buildSettings = {
				EXECUTABLE_PREFIX = lib;
				GCC_ENABLE_CPP_EXCEPTIONS = YES;
				GCC_ENABLE_CPP_RTTI = YES;
				PRODUCT_NAME = "$(TARGET_NAME)";
			};
			name = Debug;
		};
		103F69D41D973B6A000C18CA /* Release */ = {
			isa = XCBuildConfiguration;
			buildSettings = {
				EXECUTABLE_PREFIX = lib;
				GCC_ENABLE_CPP_EXCEPTIONS = YES;
				GCC_ENABLE_CPP_RTTI = YES;
				PRODUCT_NAME = "$(TARGET_NAME)";
			};
			name = Release;
		};
/* End XCBuildConfiguration section */

/* Begin XCConfigurationList section */
		103F69C21D973B6A000C18CA /* Build configuration list for PBXProject "MathTests" */ = {
			isa = XCConfigurationList;
			buildConfigurations = (
				103F69D01D973B6A000C18CA /* Debug */,
				103F69D11D973B6A000C18CA /* Release */,
			);
			defaultConfigurationIsVisible = 0;
			defaultConfigurationName = Release;
		};
		103F69D21D973B6A000C18CA /* Build configuration list for PBXNativeTarget "MathTests" */ = {
			isa = XCConfigurationList;
			buildConfigurations = (
				103F69D31D973B6A000C18CA /* Debug */,
				103F69D41D973B6A000C18CA /* Release */,
			);
			defaultConfigurationIsVisible = 0;
		};
/* End XCConfigurationList section */
	};
	rootObject = 103F69BF1D973B6A000C18CA /* Project object */;
}
