<?xml version="1.0" encoding="utf-8"?>
<Project ToolsVersion="4.0" xmlns="http://schemas.microsoft.com/developer/msbuild/2003">
  <ItemGroup>
    <Filter Include="Source Files">
      <UniqueIdentifier>{4FC737F1-C7A5-4376-A066-2A32D752A2FF}</UniqueIdentifier>
      <Extensions>cpp;c;cc;cxx;def;odl;idl;hpj;bat;asm;asmx</Extensions>
    </Filter>
    <Filter Include="Header Files">
      <UniqueIdentifier>{93995380-89BD-4b04-88EB-625FBE52EBFB}</UniqueIdentifier>
      <Extensions>h;hpp;hxx;hm;inl;inc;xsd</Extensions>
    </Filter>
    <Filter Include="Resource Files">
      <UniqueIdentifier>{67DA6AB6-F800-4c08-8B7A-83BB121AAD01}</UniqueIdentifier>
      <Extensions>rc;ico;cur;bmp;dlg;rc2;rct;bin;rgs;gif;jpg;jpeg;jpe;resx;tiff;tif;png;wav;mfcribbon-ms</Extensions>
    </Filter>
  </ItemGroup>
  <ItemGroup>
    <ClCompile Include="CyclicGraphChecker.cpp">
      <Filter>Source Files</Filter>
    </ClCompile>
    <ClCompile Include="Exceptions.cpp">
      <Filter>Source Files</Filter>
    </ClCompile>
    <ClCompile Include="OptimalPathFinder.cpp">
      <Filter>Source Files</Filter>
    </ClCompile>
    <ClCompile Include="System.cpp">
      <Filter>Source Files</Filter>
    </ClCompile>
    <ClCompile Include="SystemGraph.cpp">
      <Filter>Source Files</Filter>
    </ClCompile>
    <ClCompile Include="SystemGraphNode.cpp">
      <Filter>Source Files</Filter>
    </ClCompile>
    <ClCompile Include="Task.cpp">
      <Filter>Source Files</Filter>
    </ClCompile>
    <ClCompile Include="ConcurrentTaskProcessor.cpp">
      <Filter>Source Files</Filter>
    </ClCompile>
    <ClCompile Include="TaskProcessorThread.cpp">
      <Filter>Source Files</Filter>
    </ClCompile>
    <ClCompile Include="TaskQueue.cpp">
      <Filter>Source Files</Filter>
    </ClCompile>
    <ClCompile Include="TaskManager.cpp">
      <Filter>Source Files</Filter>
    </ClCompile>
    <ClCompile Include="SystemContainer.cpp">
      <Filter>Source Files</Filter>
    </ClCompile>
    <ClCompile Include="SystemManager.cpp">
      <Filter>Source Files</Filter>
    </ClCompile>
    <ClCompile Include="NameMappedSystem.cpp">
      <Filter>Source Files</Filter>
    </ClCompile>
  </ItemGroup>
  <ItemGroup>
    <ClInclude Include="CyclicGraphChecker.hpp">
      <Filter>Header Files</Filter>
    </ClInclude>
    <ClInclude Include="Exceptions.hpp">
      <Filter>Header Files</Filter>
    </ClInclude>
    <ClInclude Include="ISystem.hpp">
      <Filter>Header Files</Filter>
    </ClInclude>
    <ClInclude Include="LambdaTask.hpp">
      <Filter>Header Files</Filter>
    </ClInclude>
    <ClInclude Include="OptimalPathFinder.hpp">
      <Filter>Header Files</Filter>
    </ClInclude>
    <ClInclude Include="System.hpp">
      <Filter>Header Files</Filter>
    </ClInclude>
    <ClInclude Include="SystemGraph.hpp">
      <Filter>Header Files</Filter>
    </ClInclude>
    <ClInclude Include="SystemGraphNode.hpp">
      <Filter>Header Files</Filter>
    </ClInclude>
    <ClInclude Include="Task.hpp">
      <Filter>Header Files</Filter>
    </ClInclude>
    <ClInclude Include="ConcurrentTaskProcessor.hpp">
      <Filter>Header Files</Filter>
    </ClInclude>
    <ClInclude Include="ITaskConsumer.hpp">
      <Filter>Header Files</Filter>
    </ClInclude>
    <ClInclude Include="ITaskProcessorThread.hpp">
      <Filter>Header Files</Filter>
    </ClInclude>
    <ClInclude Include="ITaskProvider.hpp">
      <Filter>Header Files</Filter>
    </ClInclude>
    <ClInclude Include="SystemId.hpp">
      <Filter>Header Files</Filter>
    </ClInclude>
    <ClInclude Include="TaskProcessorThread.hpp">
      <Filter>Header Files</Filter>
    </ClInclude>
    <ClInclude Include="TaskQueue.hpp">
      <Filter>Header Files</Filter>
    </ClInclude>
    <ClInclude Include="TaskManager.hpp">
      <Filter>Header Files</Filter>
    </ClInclude>
    <ClInclude Include="ICyclicGraphChecker.hpp">
      <Filter>Header Files</Filter>
    </ClInclude>
    <ClInclude Include="IOptimalPathFinder.hpp">
      <Filter>Header Files</Filter>
    </ClInclude>
    <ClInclude Include="ISystemContainer.hpp">
      <Filter>Header Files</Filter>
    </ClInclude>
    <ClInclude Include="ISystemGraph.hpp">
      <Filter>Header Files</Filter>
    </ClInclude>
    <ClInclude Include="ISystemManager.hpp">
      <Filter>Header Files</Filter>
    </ClInclude>
    <ClInclude Include="ITaskManager.hpp">
      <Filter>Header Files</Filter>
    </ClInclude>
    <ClInclude Include="SystemContainer.hpp">
      <Filter>Header Files</Filter>
    </ClInclude>
    <ClInclude Include="SystemManager.hpp">
      <Filter>Header Files</Filter>
    </ClInclude>
    <ClInclude Include="SystemIdNameMapper.hpp">
      <Filter>Header Files</Filter>
    </ClInclude>
    <ClInclude Include="NameMappedSystem.hpp">
      <Filter>Header Files</Filter>
    </ClInclude>
  </ItemGroup>
</Project>