// !$*UTF8*$!
{
	archiveVersion = 1;
	classes = {
	};
	objectVersion = 46;
	objects = {

/* Begin PBXBuildFile section */
		10A7B3421CB32C3F00B78A7C /* ExampleTestClass.cpp in Sources */ = {isa = PBXBuildFile; fileRef = 10A7B33F1CB32C3F00B78A7C /* ExampleTestClass.cpp */; };
		10A7B3431CB32C3F00B78A7C /* main.cpp in Sources */ = {isa = PBXBuildFile; fileRef = 10A7B3411CB32C3F00B78A7C /* main.cpp */; };
		10A7B3451CB32CD700B78A7C /* libFramework.a in Frameworks */ = {isa = PBXBuildFile; fileRef = 10A7B3441CB32CD700B78A7C /* libFramework.a */; };
/* End PBXBuildFile section */

/* Begin PBXCopyFilesBuildPhase section */
		10A7B3301CB3293700B78A7C /* CopyFiles */ = {
			isa = PBXCopyFilesBuildPhase;
			buildActionMask = 2147483647;
			dstPath = /usr/share/man/man1/;
			dstSubfolderSpec = 0;
			files = (
			);
			runOnlyForDeploymentPostprocessing = 1;
		};
/* End PBXCopyFilesBuildPhase section */

/* Begin PBXFileReference section */
		10A7B3321CB3293700B78A7C /* Test */ = {isa = PBXFileReference; explicitFileType = "compiled.mach-o.executable"; includeInIndex = 0; path = Test; sourceTree = BUILT_PRODUCTS_DIR; };
		10A7B33F1CB32C3F00B78A7C /* ExampleTestClass.cpp */ = {isa = PBXFileReference; fileEncoding = 4; lastKnownFileType = sourcecode.cpp.cpp; path = ExampleTestClass.cpp; sourceTree = "<group>"; };
		10A7B3401CB32C3F00B78A7C /* ExampleTestClass.hpp */ = {isa = PBXFileReference; fileEncoding = 4; lastKnownFileType = sourcecode.cpp.h; path = ExampleTestClass.hpp; sourceTree = "<group>"; };
		10A7B3411CB32C3F00B78A7C /* main.cpp */ = {isa = PBXFileReference; fileEncoding = 4; lastKnownFileType = sourcecode.cpp.cpp; path = main.cpp; sourceTree = "<group>"; };
		10A7B3441CB32CD700B78A7C /* libFramework.a */ = {isa = PBXFileReference; lastKnownFileType = archive.ar; name = libFramework.a; path = "../../../Library/Developer/Xcode/DerivedData/Test-ftfxmmxkoykogogvbtiqaduljvsk/Build/Products/Debug/libFramework.a"; sourceTree = "<group>"; };
/* End PBXFileReference section */

/* Begin PBXFrameworksBuildPhase section */
		10A7B32F1CB3293700B78A7C /* Frameworks */ = {
			isa = PBXFrameworksBuildPhase;
			buildActionMask = 2147483647;
			files = (
				10A7B3451CB32CD700B78A7C /* libFramework.a in Frameworks */,
			);
			runOnlyForDeploymentPostprocessing = 0;
		};
/* End PBXFrameworksBuildPhase section */

/* Begin PBXGroup section */
		10A7B3291CB3293700B78A7C = {
			isa = PBXGroup;
			children = (
				10A7B33F1CB32C3F00B78A7C /* ExampleTestClass.cpp */,
				10A7B3401CB32C3F00B78A7C /* ExampleTestClass.hpp */,
				10A7B3411CB32C3F00B78A7C /* main.cpp */,
				10A7B3461CB32D2D00B78A7C /* Dependencies */,
				10A7B3331CB3293700B78A7C /* Products */,
			);
			sourceTree = "<group>";
		};
		10A7B3331CB3293700B78A7C /* Products */ = {
			isa = PBXGroup;
			children = (
				10A7B3321CB3293700B78A7C /* Test */,
			);
			name = Products;
			sourceTree = "<group>";
		};
		10A7B3461CB32D2D00B78A7C /* Dependencies */ = {
			isa = PBXGroup;
			children = (
				10A7B3441CB32CD700B78A7C /* libFramework.a */,
			);
			name = Dependencies;
			sourceTree = "<group>";
		};
/* End PBXGroup section */

/* Begin PBXNativeTarget section */
		10A7B3311CB3293700B78A7C /* Test */ = {
			isa = PBXNativeTarget;
			buildConfigurationList = 10A7B3391CB3293700B78A7C /* Build configuration list for PBXNativeTarget "Test" */;
			buildPhases = (
				10A7B32E1CB3293700B78A7C /* Sources */,
				10A7B32F1CB3293700B78A7C /* Frameworks */,
				10A7B3301CB3293700B78A7C /* CopyFiles */,
			);
			buildRules = (
			);
			dependencies = (
			);
			name = Test;
			productName = Test;
			productReference = 10A7B3321CB3293700B78A7C /* Test */;
			productType = "com.apple.product-type.tool";
		};
/* End PBXNativeTarget section */

/* Begin PBXProject section */
		10A7B32A1CB3293700B78A7C /* Project object */ = {
			isa = PBXProject;
			attributes = {
				LastUpgradeCheck = 0720;
				ORGANIZATIONNAME = "Jordan Littlefair";
				TargetAttributes = {
					10A7B3311CB3293700B78A7C = {
						CreatedOnToolsVersion = 7.2.1;
					};
				};
			};
			buildConfigurationList = 10A7B32D1CB3293700B78A7C /* Build configuration list for PBXProject "Test" */;
			compatibilityVersion = "Xcode 3.2";
			developmentRegion = English;
			hasScannedForEncodings = 0;
			knownRegions = (
				en,
			);
			mainGroup = 10A7B3291CB3293700B78A7C;
			productRefGroup = 10A7B3331CB3293700B78A7C /* Products */;
			projectDirPath = "";
			projectRoot = "";
			targets = (
				10A7B3311CB3293700B78A7C /* Test */,
			);
		};
/* End PBXProject section */

/* Begin PBXSourcesBuildPhase section */
		10A7B32E1CB3293700B78A7C /* Sources */ = {
			isa = PBXSourcesBuildPhase;
			buildActionMask = 2147483647;
			files = (
				10A7B3431CB32C3F00B78A7C /* main.cpp in Sources */,
				10A7B3421CB32C3F00B78A7C /* ExampleTestClass.cpp in Sources */,
			);
			runOnlyForDeploymentPostprocessing = 0;
		};
/* End PBXSourcesBuildPhase section */

/* Begin XCBuildConfiguration section */
		10A7B3371CB3293700B78A7C /* Debug */ = {
			isa = XCBuildConfiguration;
			buildSettings = {
				ALWAYS_SEARCH_USER_PATHS = NO;
				CLANG_CXX_LANGUAGE_STANDARD = "gnu++0x";
				CLANG_CXX_LIBRARY = "libc++";
				CLANG_ENABLE_MODULES = YES;
				CLANG_ENABLE_OBJC_ARC = YES;
				CLANG_WARN_BOOL_CONVERSION = YES;
				CLANG_WARN_CONSTANT_CONVERSION = YES;
				CLANG_WARN_DIRECT_OBJC_ISA_USAGE = YES_ERROR;
				CLANG_WARN_EMPTY_BODY = YES;
				CLANG_WARN_ENUM_CONVERSION = YES;
				CLANG_WARN_INT_CONVERSION = YES;
				CLANG_WARN_OBJC_ROOT_CLASS = YES_ERROR;
				CLANG_WARN_UNREACHABLE_CODE = YES;
				CLANG_WARN__DUPLICATE_METHOD_MATCH = YES;
				CODE_SIGN_IDENTITY = "-";
				COPY_PHASE_STRIP = NO;
				DEBUG_INFORMATION_FORMAT = dwarf;
				ENABLE_STRICT_OBJC_MSGSEND = YES;
				ENABLE_TESTABILITY = YES;
				GCC_C_LANGUAGE_STANDARD = gnu99;
				GCC_DYNAMIC_NO_PIC = NO;
				GCC_NO_COMMON_BLOCKS = YES;
				GCC_OPTIMIZATION_LEVEL = 0;
				GCC_PREPROCESSOR_DEFINITIONS = (
					"DEBUG=1",
					"$(inherited)",
				);
				GCC_WARN_64_TO_32_BIT_CONVERSION = YES;
				GCC_WARN_ABOUT_RETURN_TYPE = YES_ERROR;
				GCC_WARN_UNDECLARED_SELECTOR = YES;
				GCC_WARN_UNINITIALIZED_AUTOS = YES_AGGRESSIVE;
				GCC_WARN_UNUSED_FUNCTION = YES;
				GCC_WARN_UNUSED_VARIABLE = YES;
				MACOSX_DEPLOYMENT_TARGET = 10.11;
				MTL_ENABLE_DEBUG_INFO = YES;
				ONLY_ACTIVE_ARCH = YES;
				SDKROOT = macosx;
			};
			name = Debug;
		};
		10A7B3381CB3293700B78A7C /* Release */ = {
			isa = XCBuildConfiguration;
			buildSettings = {
				ALWAYS_SEARCH_USER_PATHS = NO;
				CLANG_CXX_LANGUAGE_STANDARD = "gnu++0x";
				CLANG_CXX_LIBRARY = "libc++";
				CLANG_ENABLE_MODULES = YES;
				CLANG_ENABLE_OBJC_ARC = YES;
				CLANG_WARN_BOOL_CONVERSION = YES;
				CLANG_WARN_CONSTANT_CONVERSION = YES;
				CLANG_WARN_DIRECT_OBJC_ISA_USAGE = YES_ERROR;
				CLANG_WARN_EMPTY_BODY = YES;
				CLANG_WARN_ENUM_CONVERSION = YES;
				CLANG_WARN_INT_CONVERSION = YES;
				CLANG_WARN_OBJC_ROOT_CLASS = YES_ERROR;
				CLANG_WARN_UNREACHABLE_CODE = YES;
				CLANG_WARN__DUPLICATE_METHOD_MATCH = YES;
				CODE_SIGN_IDENTITY = "-";
				COPY_PHASE_STRIP = NO;
				DEBUG_INFORMATION_FORMAT = "dwarf-with-dsym";
				ENABLE_NS_ASSERTIONS = NO;
				ENABLE_STRICT_OBJC_MSGSEND = YES;
				GCC_C_LANGUAGE_STANDARD = gnu99;
				GCC_NO_COMMON_BLOCKS = YES;
				GCC_WARN_64_TO_32_BIT_CONVERSION = YES;
				GCC_WARN_ABOUT_RETURN_TYPE = YES_ERROR;
				GCC_WARN_UNDECLARED_SELECTOR = YES;
				GCC_WARN_UNINITIALIZED_AUTOS = YES_AGGRESSIVE;
				GCC_WARN_UNUSED_FUNCTION = YES;
				GCC_WARN_UNUSED_VARIABLE = YES;
				MACOSX_DEPLOYMENT_TARGET = 10.11;
				MTL_ENABLE_DEBUG_INFO = NO;
				SDKROOT = macosx;
			};
			name = Release;
		};
		10A7B33A1CB3293700B78A7C /* Debug */ = {
			isa = XCBuildConfiguration;
			buildSettings = {
				PRODUCT_NAME = "$(TARGET_NAME)";
			};
			name = Debug;
		};
		10A7B33B1CB3293700B78A7C /* Release */ = {
			isa = XCBuildConfiguration;
			buildSettings = {
				PRODUCT_NAME = "$(TARGET_NAME)";
			};
			name = Release;
		};
/* End XCBuildConfiguration section */

/* Begin XCConfigurationList section */
		10A7B32D1CB3293700B78A7C /* Build configuration list for PBXProject "Test" */ = {
			isa = XCConfigurationList;
			buildConfigurations = (
				10A7B3371CB3293700B78A7C /* Debug */,
				10A7B3381CB3293700B78A7C /* Release */,
			);
			defaultConfigurationIsVisible = 0;
			defaultConfigurationName = Release;
		};
		10A7B3391CB3293700B78A7C /* Build configuration list for PBXNativeTarget "Test" */ = {
			isa = XCConfigurationList;
			buildConfigurations = (
				10A7B33A1CB3293700B78A7C /* Debug */,
				10A7B33B1CB3293700B78A7C /* Release */,
			);
			defaultConfigurationIsVisible = 0;
			defaultConfigurationName = Release;
		};
/* End XCConfigurationList section */
	};
	rootObject = 10A7B32A1CB3293700B78A7C /* Project object */;
}
