// !$*UTF8*$!
{
	archiveVersion = 1;
	classes = {
	};
	objectVersion = 46;
	objects = {

/* Begin PBXBuildFile section */
		10318A8D1D9B266A001FD3A3 /* ModuleTests.cpp in Sources */ = {isa = PBXBuildFile; fileRef = 10318A8C1D9B266A001FD3A3 /* ModuleTests.cpp */; };
		10318A901D9B29A1001FD3A3 /* MockModule.cpp in Sources */ = {isa = PBXBuildFile; fileRef = 10318A8F1D9B29A1001FD3A3 /* MockModule.cpp */; };
		103387811D83629900811892 /* ModuleConfigFileTests.cpp in Sources */ = {isa = PBXBuildFile; fileRef = 1033877B1D83629900811892 /* ModuleConfigFileTests.cpp */; };
		103387821D83629900811892 /* ModuleConfigFileTests.hpp in Headers */ = {isa = PBXBuildFile; fileRef = 1033877C1D83629900811892 /* ModuleConfigFileTests.hpp */; };
		103387831D83629900811892 /* ModuleConfigTests.cpp in Sources */ = {isa = PBXBuildFile; fileRef = 1033877D1D83629900811892 /* ModuleConfigTests.cpp */; };
		103387841D83629900811892 /* ModuleConfigTests.hpp in Headers */ = {isa = PBXBuildFile; fileRef = 1033877E1D83629900811892 /* ModuleConfigTests.hpp */; };
		103387851D83629900811892 /* ModulesTestSuite.cpp in Sources */ = {isa = PBXBuildFile; fileRef = 1033877F1D83629900811892 /* ModulesTestSuite.cpp */; };
		103387861D83629900811892 /* ModulesTestSuite.hpp in Headers */ = {isa = PBXBuildFile; fileRef = 103387801D83629900811892 /* ModulesTestSuite.hpp */; };
		1033879B1D83690B00811892 /* MockFile.cpp in Sources */ = {isa = PBXBuildFile; fileRef = 103387991D83690B00811892 /* MockFile.cpp */; };
		1033879C1D83690B00811892 /* MockFile.hpp in Headers */ = {isa = PBXBuildFile; fileRef = 1033879A1D83690B00811892 /* MockFile.hpp */; };
		1033879F1D836A4B00811892 /* MockParser.cpp in Sources */ = {isa = PBXBuildFile; fileRef = 1033879E1D836A4B00811892 /* MockParser.cpp */; };
		103387AC1D8377E900811892 /* MockModuleConfig.cpp in Sources */ = {isa = PBXBuildFile; fileRef = 103387AB1D8377E900811892 /* MockModuleConfig.cpp */; };
		103387AF1D837C8900811892 /* MockConfigProvider.cpp in Sources */ = {isa = PBXBuildFile; fileRef = 103387AE1D837C8900811892 /* MockConfigProvider.cpp */; };
		10F1AC951D9B4C8A0067B493 /* TemplatedModuleConfigTests.cpp in Sources */ = {isa = PBXBuildFile; fileRef = 10F1AC941D9B4C8A0067B493 /* TemplatedModuleConfigTests.cpp */; };
		10F1AC981D9C50A90067B493 /* MockTemplatedModuleConfig.cpp in Sources */ = {isa = PBXBuildFile; fileRef = 10F1AC971D9C50A90067B493 /* MockTemplatedModuleConfig.cpp */; };
/* End PBXBuildFile section */

/* Begin PBXFileReference section */
		10318A8B1D9B2640001FD3A3 /* ModuleTests.hpp */ = {isa = PBXFileReference; lastKnownFileType = sourcecode.cpp.h; path = ModuleTests.hpp; sourceTree = "<group>"; };
		10318A8C1D9B266A001FD3A3 /* ModuleTests.cpp */ = {isa = PBXFileReference; fileEncoding = 4; lastKnownFileType = sourcecode.cpp.cpp; path = ModuleTests.cpp; sourceTree = "<group>"; };
		10318A8E1D9B293D001FD3A3 /* MockModule.hpp */ = {isa = PBXFileReference; lastKnownFileType = sourcecode.cpp.h; path = MockModule.hpp; sourceTree = "<group>"; };
		10318A8F1D9B29A1001FD3A3 /* MockModule.cpp */ = {isa = PBXFileReference; fileEncoding = 4; lastKnownFileType = sourcecode.cpp.cpp; path = MockModule.cpp; sourceTree = "<group>"; };
		1033876D1D83626400811892 /* libModulesTests.a */ = {isa = PBXFileReference; explicitFileType = archive.ar; includeInIndex = 0; path = libModulesTests.a; sourceTree = BUILT_PRODUCTS_DIR; };
		1033877B1D83629900811892 /* ModuleConfigFileTests.cpp */ = {isa = PBXFileReference; fileEncoding = 4; lastKnownFileType = sourcecode.cpp.cpp; path = ModuleConfigFileTests.cpp; sourceTree = "<group>"; };
		1033877C1D83629900811892 /* ModuleConfigFileTests.hpp */ = {isa = PBXFileReference; fileEncoding = 4; lastKnownFileType = sourcecode.cpp.h; path = ModuleConfigFileTests.hpp; sourceTree = "<group>"; };
		1033877D1D83629900811892 /* ModuleConfigTests.cpp */ = {isa = PBXFileReference; fileEncoding = 4; lastKnownFileType = sourcecode.cpp.cpp; path = ModuleConfigTests.cpp; sourceTree = "<group>"; };
		1033877E1D83629900811892 /* ModuleConfigTests.hpp */ = {isa = PBXFileReference; fileEncoding = 4; lastKnownFileType = sourcecode.cpp.h; path = ModuleConfigTests.hpp; sourceTree = "<group>"; };
		1033877F1D83629900811892 /* ModulesTestSuite.cpp */ = {isa = PBXFileReference; fileEncoding = 4; lastKnownFileType = sourcecode.cpp.cpp; path = ModulesTestSuite.cpp; sourceTree = "<group>"; };
		103387801D83629900811892 /* ModulesTestSuite.hpp */ = {isa = PBXFileReference; fileEncoding = 4; lastKnownFileType = sourcecode.cpp.h; path = ModulesTestSuite.hpp; sourceTree = "<group>"; };
		103387991D83690B00811892 /* MockFile.cpp */ = {isa = PBXFileReference; fileEncoding = 4; lastKnownFileType = sourcecode.cpp.cpp; path = MockFile.cpp; sourceTree = "<group>"; };
		1033879A1D83690B00811892 /* MockFile.hpp */ = {isa = PBXFileReference; fileEncoding = 4; lastKnownFileType = sourcecode.cpp.h; path = MockFile.hpp; sourceTree = "<group>"; };
		1033879D1D8369E300811892 /* MockParser.hpp */ = {isa = PBXFileReference; lastKnownFileType = sourcecode.cpp.h; path = MockParser.hpp; sourceTree = "<group>"; };
		1033879E1D836A4B00811892 /* MockParser.cpp */ = {isa = PBXFileReference; fileEncoding = 4; lastKnownFileType = sourcecode.cpp.cpp; path = MockParser.cpp; sourceTree = "<group>"; };
		103387AA1D8377DD00811892 /* MockModuleConfig.hpp */ = {isa = PBXFileReference; lastKnownFileType = sourcecode.cpp.h; path = MockModuleConfig.hpp; sourceTree = "<group>"; };
		103387AB1D8377E900811892 /* MockModuleConfig.cpp */ = {isa = PBXFileReference; fileEncoding = 4; lastKnownFileType = sourcecode.cpp.cpp; path = MockModuleConfig.cpp; sourceTree = "<group>"; };
		103387AD1D837C2000811892 /* MockConfigProvider.hpp */ = {isa = PBXFileReference; lastKnownFileType = sourcecode.cpp.h; path = MockConfigProvider.hpp; sourceTree = "<group>"; };
		103387AE1D837C8900811892 /* MockConfigProvider.cpp */ = {isa = PBXFileReference; fileEncoding = 4; lastKnownFileType = sourcecode.cpp.cpp; path = MockConfigProvider.cpp; sourceTree = "<group>"; };
		10F1AC931D9B4C780067B493 /* TemplatedModuleConfigTests.hpp */ = {isa = PBXFileReference; lastKnownFileType = sourcecode.cpp.h; path = TemplatedModuleConfigTests.hpp; sourceTree = "<group>"; };
		10F1AC941D9B4C8A0067B493 /* TemplatedModuleConfigTests.cpp */ = {isa = PBXFileReference; fileEncoding = 4; lastKnownFileType = sourcecode.cpp.cpp; path = TemplatedModuleConfigTests.cpp; sourceTree = "<group>"; };
		10F1AC961D9C509C0067B493 /* MockTemplatedModuleConfig.hpp */ = {isa = PBXFileReference; lastKnownFileType = sourcecode.cpp.h; path = MockTemplatedModuleConfig.hpp; sourceTree = "<group>"; };
		10F1AC971D9C50A90067B493 /* MockTemplatedModuleConfig.cpp */ = {isa = PBXFileReference; fileEncoding = 4; lastKnownFileType = sourcecode.cpp.cpp; path = MockTemplatedModuleConfig.cpp; sourceTree = "<group>"; };
/* End PBXFileReference section */

/* Begin PBXFrameworksBuildPhase section */
		1033876A1D83626400811892 /* Frameworks */ = {
			isa = PBXFrameworksBuildPhase;
			buildActionMask = 2147483647;
			files = (
			);
			runOnlyForDeploymentPostprocessing = 0;
		};
/* End PBXFrameworksBuildPhase section */

/* Begin PBXGroup section */
		103387641D83626400811892 = {
			isa = PBXGroup;
			children = (
				103387AE1D837C8900811892 /* MockConfigProvider.cpp */,
				103387AD1D837C2000811892 /* MockConfigProvider.hpp */,
				103387991D83690B00811892 /* MockFile.cpp */,
				1033879A1D83690B00811892 /* MockFile.hpp */,
				10318A8F1D9B29A1001FD3A3 /* MockModule.cpp */,
				10318A8E1D9B293D001FD3A3 /* MockModule.hpp */,
				103387AB1D8377E900811892 /* MockModuleConfig.cpp */,
				103387AA1D8377DD00811892 /* MockModuleConfig.hpp */,
				1033879E1D836A4B00811892 /* MockParser.cpp */,
				1033879D1D8369E300811892 /* MockParser.hpp */,
				10F1AC971D9C50A90067B493 /* MockTemplatedModuleConfig.cpp */,
				10F1AC961D9C509C0067B493 /* MockTemplatedModuleConfig.hpp */,
				1033877B1D83629900811892 /* ModuleConfigFileTests.cpp */,
				1033877C1D83629900811892 /* ModuleConfigFileTests.hpp */,
				1033877D1D83629900811892 /* ModuleConfigTests.cpp */,
				1033877E1D83629900811892 /* ModuleConfigTests.hpp */,
				1033877F1D83629900811892 /* ModulesTestSuite.cpp */,
				103387801D83629900811892 /* ModulesTestSuite.hpp */,
				10318A8C1D9B266A001FD3A3 /* ModuleTests.cpp */,
				10318A8B1D9B2640001FD3A3 /* ModuleTests.hpp */,
				10F1AC941D9B4C8A0067B493 /* TemplatedModuleConfigTests.cpp */,
				10F1AC931D9B4C780067B493 /* TemplatedModuleConfigTests.hpp */,
				1033876E1D83626400811892 /* Products */,
			);
			sourceTree = "<group>";
		};
		1033876E1D83626400811892 /* Products */ = {
			isa = PBXGroup;
			children = (
				1033876D1D83626400811892 /* libModulesTests.a */,
			);
			name = Products;
			sourceTree = "<group>";
		};
/* End PBXGroup section */

/* Begin PBXHeadersBuildPhase section */
		1033876B1D83626400811892 /* Headers */ = {
			isa = PBXHeadersBuildPhase;
			buildActionMask = 2147483647;
			files = (
				1033879C1D83690B00811892 /* MockFile.hpp in Headers */,
				103387861D83629900811892 /* ModulesTestSuite.hpp in Headers */,
				103387841D83629900811892 /* ModuleConfigTests.hpp in Headers */,
				103387821D83629900811892 /* ModuleConfigFileTests.hpp in Headers */,
			);
			runOnlyForDeploymentPostprocessing = 0;
		};
/* End PBXHeadersBuildPhase section */

/* Begin PBXNativeTarget section */
		1033876C1D83626400811892 /* ModulesTests */ = {
			isa = PBXNativeTarget;
			buildConfigurationList = 103387781D83626400811892 /* Build configuration list for PBXNativeTarget "ModulesTests" */;
			buildPhases = (
				103387691D83626400811892 /* Sources */,
				1033876A1D83626400811892 /* Frameworks */,
				1033876B1D83626400811892 /* Headers */,
			);
			buildRules = (
			);
			dependencies = (
			);
			name = ModulesTests;
			productName = ModulesTests;
			productReference = 1033876D1D83626400811892 /* libModulesTests.a */;
			productType = "com.apple.product-type.library.static";
		};
/* End PBXNativeTarget section */

/* Begin PBXProject section */
		103387651D83626400811892 /* Project object */ = {
			isa = PBXProject;
			attributes = {
				LastUpgradeCheck = 0730;
				ORGANIZATIONNAME = "Jordan Littlefair";
				TargetAttributes = {
					1033876C1D83626400811892 = {
						CreatedOnToolsVersion = 7.3.1;
					};
				};
			};
			buildConfigurationList = 103387681D83626400811892 /* Build configuration list for PBXProject "ModulesTests" */;
			compatibilityVersion = "Xcode 3.2";
			developmentRegion = English;
			hasScannedForEncodings = 0;
			knownRegions = (
				en,
			);
			mainGroup = 103387641D83626400811892;
			productRefGroup = 1033876E1D83626400811892 /* Products */;
			projectDirPath = "";
			projectRoot = "";
			targets = (
				1033876C1D83626400811892 /* ModulesTests */,
			);
		};
/* End PBXProject section */

/* Begin PBXSourcesBuildPhase section */
		103387691D83626400811892 /* Sources */ = {
			isa = PBXSourcesBuildPhase;
			buildActionMask = 2147483647;
			files = (
				103387811D83629900811892 /* ModuleConfigFileTests.cpp in Sources */,
				10318A8D1D9B266A001FD3A3 /* ModuleTests.cpp in Sources */,
				103387AF1D837C8900811892 /* MockConfigProvider.cpp in Sources */,
				103387831D83629900811892 /* ModuleConfigTests.cpp in Sources */,
				103387851D83629900811892 /* ModulesTestSuite.cpp in Sources */,
				10F1AC981D9C50A90067B493 /* MockTemplatedModuleConfig.cpp in Sources */,
				10318A901D9B29A1001FD3A3 /* MockModule.cpp in Sources */,
				1033879F1D836A4B00811892 /* MockParser.cpp in Sources */,
				1033879B1D83690B00811892 /* MockFile.cpp in Sources */,
				10F1AC951D9B4C8A0067B493 /* TemplatedModuleConfigTests.cpp in Sources */,
				103387AC1D8377E900811892 /* MockModuleConfig.cpp in Sources */,
			);
			runOnlyForDeploymentPostprocessing = 0;
		};
/* End PBXSourcesBuildPhase section */

/* Begin XCBuildConfiguration section */
		103387761D83626400811892 /* Debug */ = {
			isa = XCBuildConfiguration;
			buildSettings = {
				ALWAYS_SEARCH_USER_PATHS = NO;
				CLANG_ANALYZER_NONNULL = YES;
				CLANG_CXX_LANGUAGE_STANDARD = "gnu++0x";
				CLANG_CXX_LIBRARY = "libc++";
				CLANG_ENABLE_MODULES = YES;
				CLANG_ENABLE_OBJC_ARC = YES;
				CLANG_WARN_BOOL_CONVERSION = YES;
				CLANG_WARN_CONSTANT_CONVERSION = YES;
				CLANG_WARN_DIRECT_OBJC_ISA_USAGE = YES_ERROR;
				CLANG_WARN_EMPTY_BODY = YES;
				CLANG_WARN_ENUM_CONVERSION = YES;
				CLANG_WARN_INT_CONVERSION = YES;
				CLANG_WARN_OBJC_ROOT_CLASS = YES_ERROR;
				CLANG_WARN_UNREACHABLE_CODE = YES;
				CLANG_WARN__DUPLICATE_METHOD_MATCH = YES;
				CODE_SIGN_IDENTITY = "-";
				COPY_PHASE_STRIP = NO;
				DEBUG_INFORMATION_FORMAT = dwarf;
				ENABLE_STRICT_OBJC_MSGSEND = YES;
				ENABLE_TESTABILITY = YES;
				GCC_C_LANGUAGE_STANDARD = gnu99;
				GCC_DYNAMIC_NO_PIC = NO;
				GCC_NO_COMMON_BLOCKS = YES;
				GCC_OPTIMIZATION_LEVEL = 0;
				GCC_PREPROCESSOR_DEFINITIONS = (
					"DEBUG=1",
					"$(inherited)",
				);
				GCC_WARN_64_TO_32_BIT_CONVERSION = YES;
				GCC_WARN_ABOUT_RETURN_TYPE = YES_ERROR;
				GCC_WARN_UNDECLARED_SELECTOR = YES;
				GCC_WARN_UNINITIALIZED_AUTOS = YES_AGGRESSIVE;
				GCC_WARN_UNUSED_FUNCTION = YES;
				GCC_WARN_UNUSED_VARIABLE = YES;
				MACOSX_DEPLOYMENT_TARGET = 10.11;
				MTL_ENABLE_DEBUG_INFO = YES;
				ONLY_ACTIVE_ARCH = YES;
				SDKROOT = macosx;
			};
			name = Debug;
		};
		103387771D83626400811892 /* Release */ = {
			isa = XCBuildConfiguration;
			buildSettings = {
				ALWAYS_SEARCH_USER_PATHS = NO;
				CLANG_ANALYZER_NONNULL = YES;
				CLANG_CXX_LANGUAGE_STANDARD = "gnu++0x";
				CLANG_CXX_LIBRARY = "libc++";
				CLANG_ENABLE_MODULES = YES;
				CLANG_ENABLE_OBJC_ARC = YES;
				CLANG_WARN_BOOL_CONVERSION = YES;
				CLANG_WARN_CONSTANT_CONVERSION = YES;
				CLANG_WARN_DIRECT_OBJC_ISA_USAGE = YES_ERROR;
				CLANG_WARN_EMPTY_BODY = YES;
				CLANG_WARN_ENUM_CONVERSION = YES;
				CLANG_WARN_INT_CONVERSION = YES;
				CLANG_WARN_OBJC_ROOT_CLASS = YES_ERROR;
				CLANG_WARN_UNREACHABLE_CODE = YES;
				CLANG_WARN__DUPLICATE_METHOD_MATCH = YES;
				CODE_SIGN_IDENTITY = "-";
				COPY_PHASE_STRIP = NO;
				DEBUG_INFORMATION_FORMAT = "dwarf-with-dsym";
				ENABLE_NS_ASSERTIONS = NO;
				ENABLE_STRICT_OBJC_MSGSEND = YES;
				GCC_C_LANGUAGE_STANDARD = gnu99;
				GCC_NO_COMMON_BLOCKS = YES;
				GCC_WARN_64_TO_32_BIT_CONVERSION = YES;
				GCC_WARN_ABOUT_RETURN_TYPE = YES_ERROR;
				GCC_WARN_UNDECLARED_SELECTOR = YES;
				GCC_WARN_UNINITIALIZED_AUTOS = YES_AGGRESSIVE;
				GCC_WARN_UNUSED_FUNCTION = YES;
				GCC_WARN_UNUSED_VARIABLE = YES;
				MACOSX_DEPLOYMENT_TARGET = 10.11;
				MTL_ENABLE_DEBUG_INFO = NO;
				SDKROOT = macosx;
			};
			name = Release;
		};
		103387791D83626400811892 /* Debug */ = {
			isa = XCBuildConfiguration;
			buildSettings = {
				EXECUTABLE_PREFIX = lib;
				GCC_ENABLE_CPP_EXCEPTIONS = YES;
				GCC_ENABLE_CPP_RTTI = YES;
				PRODUCT_NAME = "$(TARGET_NAME)";
			};
			name = Debug;
		};
		1033877A1D83626400811892 /* Release */ = {
			isa = XCBuildConfiguration;
			buildSettings = {
				EXECUTABLE_PREFIX = lib;
				GCC_ENABLE_CPP_EXCEPTIONS = YES;
				GCC_ENABLE_CPP_RTTI = YES;
				PRODUCT_NAME = "$(TARGET_NAME)";
			};
			name = Release;
		};
/* End XCBuildConfiguration section */

/* Begin XCConfigurationList section */
		103387681D83626400811892 /* Build configuration list for PBXProject "ModulesTests" */ = {
			isa = XCConfigurationList;
			buildConfigurations = (
				103387761D83626400811892 /* Debug */,
				103387771D83626400811892 /* Release */,
			);
			defaultConfigurationIsVisible = 0;
			defaultConfigurationName = Release;
		};
		103387781D83626400811892 /* Build configuration list for PBXNativeTarget "ModulesTests" */ = {
			isa = XCConfigurationList;
			buildConfigurations = (
				103387791D83626400811892 /* Debug */,
				1033877A1D83626400811892 /* Release */,
			);
			defaultConfigurationIsVisible = 0;
			defaultConfigurationName = Release;
		};
/* End XCConfigurationList section */
	};
	rootObject = 103387651D83626400811892 /* Project object */;
}
