// !$*UTF8*$!
{
	archiveVersion = 1;
	classes = {
	};
	objectVersion = 46;
	objects = {

/* Begin PBXBuildFile section */
		108C2C1A1C66CBB000B40C55 /* Bit.hpp in Headers */ = {isa = PBXBuildFile; fileRef = 108C2C131C66CBB000B40C55 /* Bit.hpp */; };
		108C2C1B1C66CBB000B40C55 /* Build.hpp in Headers */ = {isa = PBXBuildFile; fileRef = 108C2C141C66CBB000B40C55 /* Build.hpp */; };
		108C2C1C1C66CBB000B40C55 /* Core.cpp in Sources */ = {isa = PBXBuildFile; fileRef = 108C2C151C66CBB000B40C55 /* Core.cpp */; };
		108C2C1D1C66CBB000B40C55 /* OS.hpp in Headers */ = {isa = PBXBuildFile; fileRef = 108C2C161C66CBB000B40C55 /* OS.hpp */; };
		108C2C1E1C66CBB000B40C55 /* Platform.hpp in Headers */ = {isa = PBXBuildFile; fileRef = 108C2C171C66CBB000B40C55 /* Platform.hpp */; };
		108C2C1F1C66CBB000B40C55 /* PlatformDefinitions.hpp in Headers */ = {isa = PBXBuildFile; fileRef = 108C2C181C66CBB000B40C55 /* PlatformDefinitions.hpp */; };
		108C2C201C66CBB000B40C55 /* Types.hpp in Headers */ = {isa = PBXBuildFile; fileRef = 108C2C191C66CBB000B40C55 /* Types.hpp */; };
/* End PBXBuildFile section */

/* Begin PBXFileReference section */
		108C2C051C66CB7C00B40C55 /* libCore.a */ = {isa = PBXFileReference; explicitFileType = archive.ar; includeInIndex = 0; path = libCore.a; sourceTree = BUILT_PRODUCTS_DIR; };
		108C2C131C66CBB000B40C55 /* Bit.hpp */ = {isa = PBXFileReference; fileEncoding = 4; lastKnownFileType = sourcecode.cpp.h; path = Bit.hpp; sourceTree = "<group>"; };
		108C2C141C66CBB000B40C55 /* Build.hpp */ = {isa = PBXFileReference; fileEncoding = 4; lastKnownFileType = sourcecode.cpp.h; path = Build.hpp; sourceTree = "<group>"; };
		108C2C151C66CBB000B40C55 /* Core.cpp */ = {isa = PBXFileReference; fileEncoding = 4; lastKnownFileType = sourcecode.cpp.cpp; path = Core.cpp; sourceTree = "<group>"; };
		108C2C161C66CBB000B40C55 /* OS.hpp */ = {isa = PBXFileReference; fileEncoding = 4; lastKnownFileType = sourcecode.cpp.h; path = OS.hpp; sourceTree = "<group>"; };
		108C2C171C66CBB000B40C55 /* Platform.hpp */ = {isa = PBXFileReference; fileEncoding = 4; lastKnownFileType = sourcecode.cpp.h; path = Platform.hpp; sourceTree = "<group>"; };
		108C2C181C66CBB000B40C55 /* PlatformDefinitions.hpp */ = {isa = PBXFileReference; fileEncoding = 4; lastKnownFileType = sourcecode.cpp.h; path = PlatformDefinitions.hpp; sourceTree = "<group>"; };
		108C2C191C66CBB000B40C55 /* Types.hpp */ = {isa = PBXFileReference; fileEncoding = 4; lastKnownFileType = sourcecode.cpp.h; path = Types.hpp; sourceTree = "<group>"; };
/* End PBXFileReference section */

/* Begin PBXFrameworksBuildPhase section */
		108C2C021C66CB7C00B40C55 /* Frameworks */ = {
			isa = PBXFrameworksBuildPhase;
			buildActionMask = 2147483647;
			files = (
			);
			runOnlyForDeploymentPostprocessing = 0;
		};
/* End PBXFrameworksBuildPhase section */

/* Begin PBXGroup section */
		108C2BFC1C66CB7C00B40C55 = {
			isa = PBXGroup;
			children = (
				108C2C221C66CC2400B40C55 /* Source */,
				108C2C211C66CC1000B40C55 /* Header */,
				108C2C061C66CB7C00B40C55 /* Products */,
			);
			sourceTree = "<group>";
		};
		108C2C061C66CB7C00B40C55 /* Products */ = {
			isa = PBXGroup;
			children = (
				108C2C051C66CB7C00B40C55 /* libCore.a */,
			);
			name = Products;
			sourceTree = "<group>";
		};
		108C2C211C66CC1000B40C55 /* Header */ = {
			isa = PBXGroup;
			children = (
				108C2C131C66CBB000B40C55 /* Bit.hpp */,
				108C2C141C66CBB000B40C55 /* Build.hpp */,
				108C2C161C66CBB000B40C55 /* OS.hpp */,
				108C2C171C66CBB000B40C55 /* Platform.hpp */,
				108C2C181C66CBB000B40C55 /* PlatformDefinitions.hpp */,
				108C2C191C66CBB000B40C55 /* Types.hpp */,
			);
			name = Header;
			sourceTree = "<group>";
		};
		108C2C221C66CC2400B40C55 /* Source */ = {
			isa = PBXGroup;
			children = (
				108C2C151C66CBB000B40C55 /* Core.cpp */,
			);
			name = Source;
			sourceTree = "<group>";
		};
/* End PBXGroup section */

/* Begin PBXHeadersBuildPhase section */
		108C2C031C66CB7C00B40C55 /* Headers */ = {
			isa = PBXHeadersBuildPhase;
			buildActionMask = 2147483647;
			files = (
				108C2C201C66CBB000B40C55 /* Types.hpp in Headers */,
				108C2C1A1C66CBB000B40C55 /* Bit.hpp in Headers */,
				108C2C1D1C66CBB000B40C55 /* OS.hpp in Headers */,
				108C2C1B1C66CBB000B40C55 /* Build.hpp in Headers */,
				108C2C1E1C66CBB000B40C55 /* Platform.hpp in Headers */,
				108C2C1F1C66CBB000B40C55 /* PlatformDefinitions.hpp in Headers */,
			);
			runOnlyForDeploymentPostprocessing = 0;
		};
/* End PBXHeadersBuildPhase section */

/* Begin PBXNativeTarget section */
		108C2C041C66CB7C00B40C55 /* Core */ = {
			isa = PBXNativeTarget;
			buildConfigurationList = 108C2C101C66CB7C00B40C55 /* Build configuration list for PBXNativeTarget "Core" */;
			buildPhases = (
				108C2C011C66CB7C00B40C55 /* Sources */,
				108C2C021C66CB7C00B40C55 /* Frameworks */,
				108C2C031C66CB7C00B40C55 /* Headers */,
			);
			buildRules = (
			);
			dependencies = (
			);
			name = Core;
			productName = Core;
			productReference = 108C2C051C66CB7C00B40C55 /* libCore.a */;
			productType = "com.apple.product-type.library.static";
		};
/* End PBXNativeTarget section */

/* Begin PBXProject section */
		108C2BFD1C66CB7C00B40C55 /* Project object */ = {
			isa = PBXProject;
			attributes = {
				LastUpgradeCheck = 0720;
				ORGANIZATIONNAME = "Jordan Littlefair";
				TargetAttributes = {
					108C2C041C66CB7C00B40C55 = {
						CreatedOnToolsVersion = 7.2.1;
					};
				};
			};
			buildConfigurationList = 108C2C001C66CB7C00B40C55 /* Build configuration list for PBXProject "Core" */;
			compatibilityVersion = "Xcode 3.2";
			developmentRegion = English;
			hasScannedForEncodings = 0;
			knownRegions = (
				en,
			);
			mainGroup = 108C2BFC1C66CB7C00B40C55;
			productRefGroup = 108C2C061C66CB7C00B40C55 /* Products */;
			projectDirPath = "";
			projectRoot = "";
			targets = (
				108C2C041C66CB7C00B40C55 /* Core */,
			);
		};
/* End PBXProject section */

/* Begin PBXSourcesBuildPhase section */
		108C2C011C66CB7C00B40C55 /* Sources */ = {
			isa = PBXSourcesBuildPhase;
			buildActionMask = 2147483647;
			files = (
				108C2C1C1C66CBB000B40C55 /* Core.cpp in Sources */,
			);
			runOnlyForDeploymentPostprocessing = 0;
		};
/* End PBXSourcesBuildPhase section */

/* Begin XCBuildConfiguration section */
		108C2C0E1C66CB7C00B40C55 /* Debug */ = {
			isa = XCBuildConfiguration;
			buildSettings = {
				ALWAYS_SEARCH_USER_PATHS = NO;
				CLANG_CXX_LANGUAGE_STANDARD = "gnu++0x";
				CLANG_CXX_LIBRARY = "libc++";
				CLANG_ENABLE_MODULES = YES;
				CLANG_ENABLE_OBJC_ARC = YES;
				CLANG_WARN_BOOL_CONVERSION = YES;
				CLANG_WARN_CONSTANT_CONVERSION = YES;
				CLANG_WARN_DIRECT_OBJC_ISA_USAGE = YES_ERROR;
				CLANG_WARN_EMPTY_BODY = YES;
				CLANG_WARN_ENUM_CONVERSION = YES;
				CLANG_WARN_INT_CONVERSION = YES;
				CLANG_WARN_OBJC_ROOT_CLASS = YES_ERROR;
				CLANG_WARN_UNREACHABLE_CODE = YES;
				CLANG_WARN__DUPLICATE_METHOD_MATCH = YES;
				CODE_SIGN_IDENTITY = "-";
				COPY_PHASE_STRIP = NO;
				DEBUG_INFORMATION_FORMAT = dwarf;
				ENABLE_STRICT_OBJC_MSGSEND = YES;
				ENABLE_TESTABILITY = YES;
				GCC_C_LANGUAGE_STANDARD = gnu99;
				GCC_DYNAMIC_NO_PIC = NO;
				GCC_NO_COMMON_BLOCKS = YES;
				GCC_OPTIMIZATION_LEVEL = 0;
				GCC_PREPROCESSOR_DEFINITIONS = (
					"DEBUG=1",
					"$(inherited)",
				);
				GCC_WARN_64_TO_32_BIT_CONVERSION = YES;
				GCC_WARN_ABOUT_RETURN_TYPE = YES_ERROR;
				GCC_WARN_UNDECLARED_SELECTOR = YES;
				GCC_WARN_UNINITIALIZED_AUTOS = YES_AGGRESSIVE;
				GCC_WARN_UNUSED_FUNCTION = YES;
				GCC_WARN_UNUSED_VARIABLE = YES;
				MACOSX_DEPLOYMENT_TARGET = 10.11;
				MTL_ENABLE_DEBUG_INFO = YES;
				ONLY_ACTIVE_ARCH = YES;
				SDKROOT = macosx;
			};
			name = Debug;
		};
		108C2C0F1C66CB7C00B40C55 /* Release */ = {
			isa = XCBuildConfiguration;
			buildSettings = {
				ALWAYS_SEARCH_USER_PATHS = NO;
				CLANG_CXX_LANGUAGE_STANDARD = "gnu++0x";
				CLANG_CXX_LIBRARY = "libc++";
				CLANG_ENABLE_MODULES = YES;
				CLANG_ENABLE_OBJC_ARC = YES;
				CLANG_WARN_BOOL_CONVERSION = YES;
				CLANG_WARN_CONSTANT_CONVERSION = YES;
				CLANG_WARN_DIRECT_OBJC_ISA_USAGE = YES_ERROR;
				CLANG_WARN_EMPTY_BODY = YES;
				CLANG_WARN_ENUM_CONVERSION = YES;
				CLANG_WARN_INT_CONVERSION = YES;
				CLANG_WARN_OBJC_ROOT_CLASS = YES_ERROR;
				CLANG_WARN_UNREACHABLE_CODE = YES;
				CLANG_WARN__DUPLICATE_METHOD_MATCH = YES;
				CODE_SIGN_IDENTITY = "-";
				COPY_PHASE_STRIP = NO;
				DEBUG_INFORMATION_FORMAT = "dwarf-with-dsym";
				ENABLE_NS_ASSERTIONS = NO;
				ENABLE_STRICT_OBJC_MSGSEND = YES;
				GCC_C_LANGUAGE_STANDARD = gnu99;
				GCC_NO_COMMON_BLOCKS = YES;
				GCC_WARN_64_TO_32_BIT_CONVERSION = YES;
				GCC_WARN_ABOUT_RETURN_TYPE = YES_ERROR;
				GCC_WARN_UNDECLARED_SELECTOR = YES;
				GCC_WARN_UNINITIALIZED_AUTOS = YES_AGGRESSIVE;
				GCC_WARN_UNUSED_FUNCTION = YES;
				GCC_WARN_UNUSED_VARIABLE = YES;
				MACOSX_DEPLOYMENT_TARGET = 10.11;
				MTL_ENABLE_DEBUG_INFO = NO;
				SDKROOT = macosx;
			};
			name = Release;
		};
		108C2C111C66CB7C00B40C55 /* Debug */ = {
			isa = XCBuildConfiguration;
			buildSettings = {
				EXECUTABLE_PREFIX = lib;
				GCC_ENABLE_CPP_EXCEPTIONS = YES;
				GCC_ENABLE_CPP_RTTI = YES;
				PRODUCT_NAME = "$(TARGET_NAME)";
			};
			name = Debug;
		};
		108C2C121C66CB7C00B40C55 /* Release */ = {
			isa = XCBuildConfiguration;
			buildSettings = {
				EXECUTABLE_PREFIX = lib;
				GCC_ENABLE_CPP_EXCEPTIONS = YES;
				GCC_ENABLE_CPP_RTTI = YES;
				PRODUCT_NAME = "$(TARGET_NAME)";
			};
			name = Release;
		};
/* End XCBuildConfiguration section */

/* Begin XCConfigurationList section */
		108C2C001C66CB7C00B40C55 /* Build configuration list for PBXProject "Core" */ = {
			isa = XCConfigurationList;
			buildConfigurations = (
				108C2C0E1C66CB7C00B40C55 /* Debug */,
				108C2C0F1C66CB7C00B40C55 /* Release */,
			);
			defaultConfigurationIsVisible = 0;
			defaultConfigurationName = Release;
		};
		108C2C101C66CB7C00B40C55 /* Build configuration list for PBXNativeTarget "Core" */ = {
			isa = XCConfigurationList;
			buildConfigurations = (
				108C2C111C66CB7C00B40C55 /* Debug */,
				108C2C121C66CB7C00B40C55 /* Release */,
			);
			defaultConfigurationIsVisible = 0;
		};
/* End XCConfigurationList section */
	};
	rootObject = 108C2BFD1C66CB7C00B40C55 /* Project object */;
}
