// !$*UTF8*$!
{
	archiveVersion = 1;
	classes = {
	};
	objectVersion = 46;
	objects = {

/* Begin PBXBuildFile section */
		10A7B41B1CC1B95700B78A7C /* SystemGraphNodeTests.cpp in Sources */ = {isa = PBXBuildFile; fileRef = 10A7B41A1CC1B95700B78A7C /* SystemGraphNodeTests.cpp */; };
		10A7B4281CC590D500B78A7C /* MockSystem.cpp in Sources */ = {isa = PBXBuildFile; fileRef = 10A7B4271CC590D500B78A7C /* MockSystem.cpp */; };
		10A7B42A1CC59D9400B78A7C /* SystemTests.cpp in Sources */ = {isa = PBXBuildFile; fileRef = 10A7B4291CC59D9400B78A7C /* SystemTests.cpp */; };
		10A7B4311CC6EC8400B78A7C /* SystemGraphTests.cpp in Sources */ = {isa = PBXBuildFile; fileRef = 10A7B4301CC6EC8400B78A7C /* SystemGraphTests.cpp */; };
		10A7B4341CC6EED400B78A7C /* MockSystemGraph.cpp in Sources */ = {isa = PBXBuildFile; fileRef = 10A7B4331CC6EED400B78A7C /* MockSystemGraph.cpp */; };
		10A7B43A1CC941C000B78A7C /* SystemManagerExceptionTests.cpp in Sources */ = {isa = PBXBuildFile; fileRef = 10A7B4391CC941C000B78A7C /* SystemManagerExceptionTests.cpp */; };
/* End PBXBuildFile section */

/* Begin PBXFileReference section */
		10A7B3F31CBAB3F100B78A7C /* libSystemManagerTests.a */ = {isa = PBXFileReference; explicitFileType = archive.ar; includeInIndex = 0; path = libSystemManagerTests.a; sourceTree = BUILT_PRODUCTS_DIR; };
		10A7B4081CBAB8E900B78A7C /* libSystemManager.a */ = {isa = PBXFileReference; lastKnownFileType = archive.ar; name = libSystemManager.a; path = "../../../Library/Developer/Xcode/DerivedData/Test-ftfxmmxkoykogogvbtiqaduljvsk/Build/Products/Debug/libSystemManager.a"; sourceTree = "<group>"; };
		10A7B4101CBC203000B78A7C /* libCore.a */ = {isa = PBXFileReference; lastKnownFileType = archive.ar; name = libCore.a; path = "../../../Library/Developer/Xcode/DerivedData/Test-ftfxmmxkoykogogvbtiqaduljvsk/Build/Products/Debug/libCore.a"; sourceTree = "<group>"; };
		10A7B4111CBC203000B78A7C /* libFramework.a */ = {isa = PBXFileReference; lastKnownFileType = archive.ar; name = libFramework.a; path = "../../../Library/Developer/Xcode/DerivedData/Test-ftfxmmxkoykogogvbtiqaduljvsk/Build/Products/Debug/libFramework.a"; sourceTree = "<group>"; };
		10A7B4191CC1B78900B78A7C /* SystemGraphNodeTests.hpp */ = {isa = PBXFileReference; lastKnownFileType = sourcecode.cpp.h; path = SystemGraphNodeTests.hpp; sourceTree = "<group>"; };
		10A7B41A1CC1B95700B78A7C /* SystemGraphNodeTests.cpp */ = {isa = PBXFileReference; fileEncoding = 4; lastKnownFileType = sourcecode.cpp.cpp; path = SystemGraphNodeTests.cpp; sourceTree = "<group>"; };
		10A7B4251CC58A4000B78A7C /* SystemTests.hpp */ = {isa = PBXFileReference; lastKnownFileType = sourcecode.cpp.h; path = SystemTests.hpp; sourceTree = "<group>"; };
		10A7B4261CC58F7800B78A7C /* MockSystem.hpp */ = {isa = PBXFileReference; lastKnownFileType = sourcecode.cpp.h; path = MockSystem.hpp; sourceTree = "<group>"; };
		10A7B4271CC590D500B78A7C /* MockSystem.cpp */ = {isa = PBXFileReference; fileEncoding = 4; lastKnownFileType = sourcecode.cpp.cpp; path = MockSystem.cpp; sourceTree = "<group>"; };
		10A7B4291CC59D9400B78A7C /* SystemTests.cpp */ = {isa = PBXFileReference; fileEncoding = 4; lastKnownFileType = sourcecode.cpp.cpp; path = SystemTests.cpp; sourceTree = "<group>"; };
		10A7B42F1CC6B34000B78A7C /* SystemGraphTests.hpp */ = {isa = PBXFileReference; lastKnownFileType = sourcecode.cpp.h; path = SystemGraphTests.hpp; sourceTree = "<group>"; };
		10A7B4301CC6EC8400B78A7C /* SystemGraphTests.cpp */ = {isa = PBXFileReference; fileEncoding = 4; lastKnownFileType = sourcecode.cpp.cpp; path = SystemGraphTests.cpp; sourceTree = "<group>"; };
		10A7B4321CC6EE5100B78A7C /* MockSystemGraph.hpp */ = {isa = PBXFileReference; lastKnownFileType = sourcecode.cpp.h; path = MockSystemGraph.hpp; sourceTree = "<group>"; };
		10A7B4331CC6EED400B78A7C /* MockSystemGraph.cpp */ = {isa = PBXFileReference; fileEncoding = 4; lastKnownFileType = sourcecode.cpp.cpp; path = MockSystemGraph.cpp; sourceTree = "<group>"; };
		10A7B4381CC9413100B78A7C /* SystemManagerExceptionTests.hpp */ = {isa = PBXFileReference; lastKnownFileType = sourcecode.cpp.h; path = SystemManagerExceptionTests.hpp; sourceTree = "<group>"; };
		10A7B4391CC941C000B78A7C /* SystemManagerExceptionTests.cpp */ = {isa = PBXFileReference; fileEncoding = 4; lastKnownFileType = sourcecode.cpp.cpp; path = SystemManagerExceptionTests.cpp; sourceTree = "<group>"; };
/* End PBXFileReference section */

/* Begin PBXFrameworksBuildPhase section */
		10A7B3F01CBAB3F100B78A7C /* Frameworks */ = {
			isa = PBXFrameworksBuildPhase;
			buildActionMask = 2147483647;
			files = (
			);
			runOnlyForDeploymentPostprocessing = 0;
		};
/* End PBXFrameworksBuildPhase section */

/* Begin PBXGroup section */
		10A7B3EA1CBAB3F100B78A7C = {
			isa = PBXGroup;
			children = (
				10A7B41E1CC44E1000B78A7C /* Dependencies */,
				10A7B4271CC590D500B78A7C /* MockSystem.cpp */,
				10A7B4261CC58F7800B78A7C /* MockSystem.hpp */,
				10A7B4331CC6EED400B78A7C /* MockSystemGraph.cpp */,
				10A7B4321CC6EE5100B78A7C /* MockSystemGraph.hpp */,
				10A7B41A1CC1B95700B78A7C /* SystemGraphNodeTests.cpp */,
				10A7B4191CC1B78900B78A7C /* SystemGraphNodeTests.hpp */,
				10A7B4301CC6EC8400B78A7C /* SystemGraphTests.cpp */,
				10A7B42F1CC6B34000B78A7C /* SystemGraphTests.hpp */,
				10A7B4391CC941C000B78A7C /* SystemManagerExceptionTests.cpp */,
				10A7B4381CC9413100B78A7C /* SystemManagerExceptionTests.hpp */,
				10A7B4291CC59D9400B78A7C /* SystemTests.cpp */,
				10A7B4251CC58A4000B78A7C /* SystemTests.hpp */,
				10A7B3F41CBAB3F100B78A7C /* Products */,
			);
			sourceTree = "<group>";
		};
		10A7B3F41CBAB3F100B78A7C /* Products */ = {
			isa = PBXGroup;
			children = (
				10A7B3F31CBAB3F100B78A7C /* libSystemManagerTests.a */,
			);
			name = Products;
			sourceTree = "<group>";
		};
		10A7B41E1CC44E1000B78A7C /* Dependencies */ = {
			isa = PBXGroup;
			children = (
				10A7B4101CBC203000B78A7C /* libCore.a */,
				10A7B4111CBC203000B78A7C /* libFramework.a */,
				10A7B4081CBAB8E900B78A7C /* libSystemManager.a */,
			);
			name = Dependencies;
			sourceTree = "<group>";
		};
/* End PBXGroup section */

/* Begin PBXHeadersBuildPhase section */
		10A7B3F11CBAB3F100B78A7C /* Headers */ = {
			isa = PBXHeadersBuildPhase;
			buildActionMask = 2147483647;
			files = (
			);
			runOnlyForDeploymentPostprocessing = 0;
		};
/* End PBXHeadersBuildPhase section */

/* Begin PBXNativeTarget section */
		10A7B3F21CBAB3F100B78A7C /* SystemManagerTests */ = {
			isa = PBXNativeTarget;
			buildConfigurationList = 10A7B3FE1CBAB3F100B78A7C /* Build configuration list for PBXNativeTarget "SystemManagerTests" */;
			buildPhases = (
				10A7B3EF1CBAB3F100B78A7C /* Sources */,
				10A7B3F01CBAB3F100B78A7C /* Frameworks */,
				10A7B3F11CBAB3F100B78A7C /* Headers */,
			);
			buildRules = (
			);
			dependencies = (
			);
			name = SystemManagerTests;
			productName = SystemManagerTests;
			productReference = 10A7B3F31CBAB3F100B78A7C /* libSystemManagerTests.a */;
			productType = "com.apple.product-type.library.static";
		};
/* End PBXNativeTarget section */

/* Begin PBXProject section */
		10A7B3EB1CBAB3F100B78A7C /* Project object */ = {
			isa = PBXProject;
			attributes = {
				LastUpgradeCheck = 0720;
				ORGANIZATIONNAME = "Jordan Littlefair";
				TargetAttributes = {
					10A7B3F21CBAB3F100B78A7C = {
						CreatedOnToolsVersion = 7.2.1;
					};
				};
			};
			buildConfigurationList = 10A7B3EE1CBAB3F100B78A7C /* Build configuration list for PBXProject "SystemManagerTests" */;
			compatibilityVersion = "Xcode 3.2";
			developmentRegion = English;
			hasScannedForEncodings = 0;
			knownRegions = (
				en,
			);
			mainGroup = 10A7B3EA1CBAB3F100B78A7C;
			productRefGroup = 10A7B3F41CBAB3F100B78A7C /* Products */;
			projectDirPath = "";
			projectRoot = "";
			targets = (
				10A7B3F21CBAB3F100B78A7C /* SystemManagerTests */,
			);
		};
/* End PBXProject section */

/* Begin PBXSourcesBuildPhase section */
		10A7B3EF1CBAB3F100B78A7C /* Sources */ = {
			isa = PBXSourcesBuildPhase;
			buildActionMask = 2147483647;
			files = (
				10A7B42A1CC59D9400B78A7C /* SystemTests.cpp in Sources */,
				10A7B4281CC590D500B78A7C /* MockSystem.cpp in Sources */,
				10A7B41B1CC1B95700B78A7C /* SystemGraphNodeTests.cpp in Sources */,
				10A7B4341CC6EED400B78A7C /* MockSystemGraph.cpp in Sources */,
				10A7B43A1CC941C000B78A7C /* SystemManagerExceptionTests.cpp in Sources */,
				10A7B4311CC6EC8400B78A7C /* SystemGraphTests.cpp in Sources */,
			);
			runOnlyForDeploymentPostprocessing = 0;
		};
/* End PBXSourcesBuildPhase section */

/* Begin XCBuildConfiguration section */
		10A7B3FC1CBAB3F100B78A7C /* Debug */ = {
			isa = XCBuildConfiguration;
			buildSettings = {
				ALWAYS_SEARCH_USER_PATHS = NO;
				CLANG_CXX_LANGUAGE_STANDARD = "gnu++0x";
				CLANG_CXX_LIBRARY = "libc++";
				CLANG_ENABLE_MODULES = YES;
				CLANG_ENABLE_OBJC_ARC = YES;
				CLANG_WARN_BOOL_CONVERSION = YES;
				CLANG_WARN_CONSTANT_CONVERSION = YES;
				CLANG_WARN_DIRECT_OBJC_ISA_USAGE = YES_ERROR;
				CLANG_WARN_EMPTY_BODY = YES;
				CLANG_WARN_ENUM_CONVERSION = YES;
				CLANG_WARN_INT_CONVERSION = YES;
				CLANG_WARN_OBJC_ROOT_CLASS = YES_ERROR;
				CLANG_WARN_UNREACHABLE_CODE = YES;
				CLANG_WARN__DUPLICATE_METHOD_MATCH = YES;
				CODE_SIGN_IDENTITY = "-";
				COPY_PHASE_STRIP = NO;
				DEBUG_INFORMATION_FORMAT = dwarf;
				ENABLE_STRICT_OBJC_MSGSEND = YES;
				ENABLE_TESTABILITY = YES;
				GCC_C_LANGUAGE_STANDARD = gnu99;
				GCC_DYNAMIC_NO_PIC = NO;
				GCC_NO_COMMON_BLOCKS = YES;
				GCC_OPTIMIZATION_LEVEL = 0;
				GCC_PREPROCESSOR_DEFINITIONS = (
					"DEBUG=1",
					"$(inherited)",
				);
				GCC_WARN_64_TO_32_BIT_CONVERSION = YES;
				GCC_WARN_ABOUT_RETURN_TYPE = YES_ERROR;
				GCC_WARN_UNDECLARED_SELECTOR = YES;
				GCC_WARN_UNINITIALIZED_AUTOS = YES_AGGRESSIVE;
				GCC_WARN_UNUSED_FUNCTION = YES;
				GCC_WARN_UNUSED_VARIABLE = YES;
				MACOSX_DEPLOYMENT_TARGET = 10.11;
				MTL_ENABLE_DEBUG_INFO = YES;
				ONLY_ACTIVE_ARCH = YES;
				SDKROOT = macosx;
			};
			name = Debug;
		};
		10A7B3FD1CBAB3F100B78A7C /* Release */ = {
			isa = XCBuildConfiguration;
			buildSettings = {
				ALWAYS_SEARCH_USER_PATHS = NO;
				CLANG_CXX_LANGUAGE_STANDARD = "gnu++0x";
				CLANG_CXX_LIBRARY = "libc++";
				CLANG_ENABLE_MODULES = YES;
				CLANG_ENABLE_OBJC_ARC = YES;
				CLANG_WARN_BOOL_CONVERSION = YES;
				CLANG_WARN_CONSTANT_CONVERSION = YES;
				CLANG_WARN_DIRECT_OBJC_ISA_USAGE = YES_ERROR;
				CLANG_WARN_EMPTY_BODY = YES;
				CLANG_WARN_ENUM_CONVERSION = YES;
				CLANG_WARN_INT_CONVERSION = YES;
				CLANG_WARN_OBJC_ROOT_CLASS = YES_ERROR;
				CLANG_WARN_UNREACHABLE_CODE = YES;
				CLANG_WARN__DUPLICATE_METHOD_MATCH = YES;
				CODE_SIGN_IDENTITY = "-";
				COPY_PHASE_STRIP = NO;
				DEBUG_INFORMATION_FORMAT = "dwarf-with-dsym";
				ENABLE_NS_ASSERTIONS = NO;
				ENABLE_STRICT_OBJC_MSGSEND = YES;
				GCC_C_LANGUAGE_STANDARD = gnu99;
				GCC_NO_COMMON_BLOCKS = YES;
				GCC_WARN_64_TO_32_BIT_CONVERSION = YES;
				GCC_WARN_ABOUT_RETURN_TYPE = YES_ERROR;
				GCC_WARN_UNDECLARED_SELECTOR = YES;
				GCC_WARN_UNINITIALIZED_AUTOS = YES_AGGRESSIVE;
				GCC_WARN_UNUSED_FUNCTION = YES;
				GCC_WARN_UNUSED_VARIABLE = YES;
				MACOSX_DEPLOYMENT_TARGET = 10.11;
				MTL_ENABLE_DEBUG_INFO = NO;
				SDKROOT = macosx;
			};
			name = Release;
		};
		10A7B3FF1CBAB3F100B78A7C /* Debug */ = {
			isa = XCBuildConfiguration;
			buildSettings = {
				EXECUTABLE_PREFIX = lib;
				GCC_ENABLE_CPP_EXCEPTIONS = YES;
				GCC_ENABLE_CPP_RTTI = YES;
				PRODUCT_NAME = "$(TARGET_NAME)";
			};
			name = Debug;
		};
		10A7B4001CBAB3F100B78A7C /* Release */ = {
			isa = XCBuildConfiguration;
			buildSettings = {
				EXECUTABLE_PREFIX = lib;
				GCC_ENABLE_CPP_EXCEPTIONS = YES;
				GCC_ENABLE_CPP_RTTI = YES;
				PRODUCT_NAME = "$(TARGET_NAME)";
			};
			name = Release;
		};
/* End XCBuildConfiguration section */

/* Begin XCConfigurationList section */
		10A7B3EE1CBAB3F100B78A7C /* Build configuration list for PBXProject "SystemManagerTests" */ = {
			isa = XCConfigurationList;
			buildConfigurations = (
				10A7B3FC1CBAB3F100B78A7C /* Debug */,
				10A7B3FD1CBAB3F100B78A7C /* Release */,
			);
			defaultConfigurationIsVisible = 0;
			defaultConfigurationName = Release;
		};
		10A7B3FE1CBAB3F100B78A7C /* Build configuration list for PBXNativeTarget "SystemManagerTests" */ = {
			isa = XCConfigurationList;
			buildConfigurations = (
				10A7B3FF1CBAB3F100B78A7C /* Debug */,
				10A7B4001CBAB3F100B78A7C /* Release */,
			);
			defaultConfigurationIsVisible = 0;
			defaultConfigurationName = Release;
		};
/* End XCConfigurationList section */
	};
	rootObject = 10A7B3EB1CBAB3F100B78A7C /* Project object */;
}
