// !$*UTF8*$!
{
	archiveVersion = 1;
	classes = {
	};
	objectVersion = 46;
	objects = {

/* Begin PBXBuildFile section */
		103386B71D74C63500811892 /* libUtility.a in Frameworks */ = {isa = PBXBuildFile; fileRef = 103386B61D74C63500811892 /* libUtility.a */; };
		103386C61D76027200811892 /* DocumentTreeTests.cpp in Sources */ = {isa = PBXBuildFile; fileRef = 103386C51D76027200811892 /* DocumentTreeTests.cpp */; };
		103386EE1D7E242D00811892 /* StdFileTests.cpp in Sources */ = {isa = PBXBuildFile; fileRef = 103386ED1D7E242D00811892 /* StdFileTests.cpp */; };
		103386FD1D7EE7E500811892 /* JsonParserTests.cpp in Sources */ = {isa = PBXBuildFile; fileRef = 103386FC1D7EE7E500811892 /* JsonParserTests.cpp */; };
		10682BAC1D57E51F007189A4 /* UtilityTestSuite.cpp in Sources */ = {isa = PBXBuildFile; fileRef = 10682BAA1D57E51F007189A4 /* UtilityTestSuite.cpp */; };
		10682BAD1D57E51F007189A4 /* UtilityTestSuite.hpp in Headers */ = {isa = PBXBuildFile; fileRef = 10682BAB1D57E51F007189A4 /* UtilityTestSuite.hpp */; };
		10682BB21D57E97D007189A4 /* HashIdFromNameGeneratorTests.cpp in Sources */ = {isa = PBXBuildFile; fileRef = 10682BB11D57E97D007189A4 /* HashIdFromNameGeneratorTests.cpp */; };
		10682BB61D57F406007189A4 /* IdNameMapperTests.cpp in Sources */ = {isa = PBXBuildFile; fileRef = 10682BB51D57F406007189A4 /* IdNameMapperTests.cpp */; };
		10682BBB1D5FD944007189A4 /* MockIdFromNameGenerator.cpp in Sources */ = {isa = PBXBuildFile; fileRef = 10682BBA1D5FD944007189A4 /* MockIdFromNameGenerator.cpp */; };
/* End PBXBuildFile section */

/* Begin PBXFileReference section */
		103386B61D74C63500811892 /* libUtility.a */ = {isa = PBXFileReference; lastKnownFileType = archive.ar; name = libUtility.a; path = ../../Code/Utility/build/Debug/libUtility.a; sourceTree = "<group>"; };
		103386C41D76026500811892 /* DocumentTreeTests.hpp */ = {isa = PBXFileReference; lastKnownFileType = sourcecode.cpp.h; path = DocumentTreeTests.hpp; sourceTree = "<group>"; };
		103386C51D76027200811892 /* DocumentTreeTests.cpp */ = {isa = PBXFileReference; fileEncoding = 4; lastKnownFileType = sourcecode.cpp.cpp; path = DocumentTreeTests.cpp; sourceTree = "<group>"; };
		103386EC1D7E23BB00811892 /* StdFileTests.hpp */ = {isa = PBXFileReference; lastKnownFileType = sourcecode.cpp.h; path = StdFileTests.hpp; sourceTree = "<group>"; };
		103386ED1D7E242D00811892 /* StdFileTests.cpp */ = {isa = PBXFileReference; fileEncoding = 4; lastKnownFileType = sourcecode.cpp.cpp; path = StdFileTests.cpp; sourceTree = "<group>"; };
		103386FB1D7EE7B600811892 /* JsonParserTests.hpp */ = {isa = PBXFileReference; lastKnownFileType = sourcecode.cpp.h; path = JsonParserTests.hpp; sourceTree = "<group>"; };
		103386FC1D7EE7E500811892 /* JsonParserTests.cpp */ = {isa = PBXFileReference; fileEncoding = 4; lastKnownFileType = sourcecode.cpp.cpp; path = JsonParserTests.cpp; sourceTree = "<group>"; };
		10682B9A1D57E4E7007189A4 /* libUtilityTests.a */ = {isa = PBXFileReference; explicitFileType = archive.ar; includeInIndex = 0; path = libUtilityTests.a; sourceTree = BUILT_PRODUCTS_DIR; };
		10682BAA1D57E51F007189A4 /* UtilityTestSuite.cpp */ = {isa = PBXFileReference; fileEncoding = 4; lastKnownFileType = sourcecode.cpp.cpp; path = UtilityTestSuite.cpp; sourceTree = "<group>"; };
		10682BAB1D57E51F007189A4 /* UtilityTestSuite.hpp */ = {isa = PBXFileReference; fileEncoding = 4; lastKnownFileType = sourcecode.cpp.h; path = UtilityTestSuite.hpp; sourceTree = "<group>"; };
		10682BB01D57E8C5007189A4 /* HashIdFromNameGeneratorTests.hpp */ = {isa = PBXFileReference; lastKnownFileType = sourcecode.cpp.h; path = HashIdFromNameGeneratorTests.hpp; sourceTree = "<group>"; };
		10682BB11D57E97D007189A4 /* HashIdFromNameGeneratorTests.cpp */ = {isa = PBXFileReference; fileEncoding = 4; lastKnownFileType = sourcecode.cpp.cpp; path = HashIdFromNameGeneratorTests.cpp; sourceTree = "<group>"; };
		10682BB41D57F3FB007189A4 /* IdNameMapperTests.hpp */ = {isa = PBXFileReference; lastKnownFileType = sourcecode.cpp.h; path = IdNameMapperTests.hpp; sourceTree = "<group>"; };
		10682BB51D57F406007189A4 /* IdNameMapperTests.cpp */ = {isa = PBXFileReference; fileEncoding = 4; lastKnownFileType = sourcecode.cpp.cpp; path = IdNameMapperTests.cpp; sourceTree = "<group>"; };
		10682BB91D5FD8AA007189A4 /* MockIdFromNameGenerator.hpp */ = {isa = PBXFileReference; lastKnownFileType = sourcecode.cpp.h; path = MockIdFromNameGenerator.hpp; sourceTree = "<group>"; };
		10682BBA1D5FD944007189A4 /* MockIdFromNameGenerator.cpp */ = {isa = PBXFileReference; fileEncoding = 4; lastKnownFileType = sourcecode.cpp.cpp; path = MockIdFromNameGenerator.cpp; sourceTree = "<group>"; };
/* End PBXFileReference section */

/* Begin PBXFrameworksBuildPhase section */
		10682B971D57E4E7007189A4 /* Frameworks */ = {
			isa = PBXFrameworksBuildPhase;
			buildActionMask = 2147483647;
			files = (
				103386B71D74C63500811892 /* libUtility.a in Frameworks */,
			);
			runOnlyForDeploymentPostprocessing = 0;
		};
/* End PBXFrameworksBuildPhase section */

/* Begin PBXGroup section */
		103386C71D76028000811892 /* Dependencies */ = {
			isa = PBXGroup;
			children = (
				103386B61D74C63500811892 /* libUtility.a */,
			);
			name = Dependencies;
			sourceTree = "<group>";
		};
		10682B911D57E4E7007189A4 = {
			isa = PBXGroup;
			children = (
				103386C71D76028000811892 /* Dependencies */,
				103386C51D76027200811892 /* DocumentTreeTests.cpp */,
				103386C41D76026500811892 /* DocumentTreeTests.hpp */,
				10682BB11D57E97D007189A4 /* HashIdFromNameGeneratorTests.cpp */,
				10682BB01D57E8C5007189A4 /* HashIdFromNameGeneratorTests.hpp */,
				10682BB51D57F406007189A4 /* IdNameMapperTests.cpp */,
				10682BB41D57F3FB007189A4 /* IdNameMapperTests.hpp */,
				103386FC1D7EE7E500811892 /* JsonParserTests.cpp */,
				103386FB1D7EE7B600811892 /* JsonParserTests.hpp */,
				10682BBA1D5FD944007189A4 /* MockIdFromNameGenerator.cpp */,
				10682BB91D5FD8AA007189A4 /* MockIdFromNameGenerator.hpp */,
				103386ED1D7E242D00811892 /* StdFileTests.cpp */,
				103386EC1D7E23BB00811892 /* StdFileTests.hpp */,
				10682BAA1D57E51F007189A4 /* UtilityTestSuite.cpp */,
				10682BAB1D57E51F007189A4 /* UtilityTestSuite.hpp */,
				10682B9B1D57E4E7007189A4 /* Products */,
			);
			sourceTree = "<group>";
		};
		10682B9B1D57E4E7007189A4 /* Products */ = {
			isa = PBXGroup;
			children = (
				10682B9A1D57E4E7007189A4 /* libUtilityTests.a */,
			);
			name = Products;
			sourceTree = "<group>";
		};
/* End PBXGroup section */

/* Begin PBXHeadersBuildPhase section */
		10682B981D57E4E7007189A4 /* Headers */ = {
			isa = PBXHeadersBuildPhase;
			buildActionMask = 2147483647;
			files = (
				10682BAD1D57E51F007189A4 /* UtilityTestSuite.hpp in Headers */,
			);
			runOnlyForDeploymentPostprocessing = 0;
		};
/* End PBXHeadersBuildPhase section */

/* Begin PBXNativeTarget section */
		10682B991D57E4E7007189A4 /* UtilityTests */ = {
			isa = PBXNativeTarget;
			buildConfigurationList = 10682BA51D57E4E7007189A4 /* Build configuration list for PBXNativeTarget "UtilityTests" */;
			buildPhases = (
				10682B961D57E4E7007189A4 /* Sources */,
				10682B971D57E4E7007189A4 /* Frameworks */,
				10682B981D57E4E7007189A4 /* Headers */,
			);
			buildRules = (
			);
			dependencies = (
			);
			name = UtilityTests;
			productName = UtilityTests;
			productReference = 10682B9A1D57E4E7007189A4 /* libUtilityTests.a */;
			productType = "com.apple.product-type.library.static";
		};
/* End PBXNativeTarget section */

/* Begin PBXProject section */
		10682B921D57E4E7007189A4 /* Project object */ = {
			isa = PBXProject;
			attributes = {
				LastUpgradeCheck = 0730;
				ORGANIZATIONNAME = "Jordan Littlefair";
				TargetAttributes = {
					10682B991D57E4E7007189A4 = {
						CreatedOnToolsVersion = 7.3.1;
					};
				};
			};
			buildConfigurationList = 10682B951D57E4E7007189A4 /* Build configuration list for PBXProject "UtilityTests" */;
			compatibilityVersion = "Xcode 3.2";
			developmentRegion = English;
			hasScannedForEncodings = 0;
			knownRegions = (
				en,
			);
			mainGroup = 10682B911D57E4E7007189A4;
			productRefGroup = 10682B9B1D57E4E7007189A4 /* Products */;
			projectDirPath = "";
			projectRoot = "";
			targets = (
				10682B991D57E4E7007189A4 /* UtilityTests */,
			);
		};
/* End PBXProject section */

/* Begin PBXSourcesBuildPhase section */
		10682B961D57E4E7007189A4 /* Sources */ = {
			isa = PBXSourcesBuildPhase;
			buildActionMask = 2147483647;
			files = (
				10682BB21D57E97D007189A4 /* HashIdFromNameGeneratorTests.cpp in Sources */,
				10682BB61D57F406007189A4 /* IdNameMapperTests.cpp in Sources */,
				10682BAC1D57E51F007189A4 /* UtilityTestSuite.cpp in Sources */,
				103386C61D76027200811892 /* DocumentTreeTests.cpp in Sources */,
				10682BBB1D5FD944007189A4 /* MockIdFromNameGenerator.cpp in Sources */,
				103386EE1D7E242D00811892 /* StdFileTests.cpp in Sources */,
				103386FD1D7EE7E500811892 /* JsonParserTests.cpp in Sources */,
			);
			runOnlyForDeploymentPostprocessing = 0;
		};
/* End PBXSourcesBuildPhase section */

/* Begin XCBuildConfiguration section */
		10682BA31D57E4E7007189A4 /* Debug */ = {
			isa = XCBuildConfiguration;
			buildSettings = {
				ALWAYS_SEARCH_USER_PATHS = NO;
				CLANG_ANALYZER_NONNULL = YES;
				CLANG_CXX_LANGUAGE_STANDARD = "gnu++0x";
				CLANG_CXX_LIBRARY = "libc++";
				CLANG_ENABLE_MODULES = YES;
				CLANG_ENABLE_OBJC_ARC = YES;
				CLANG_WARN_BOOL_CONVERSION = YES;
				CLANG_WARN_CONSTANT_CONVERSION = YES;
				CLANG_WARN_DIRECT_OBJC_ISA_USAGE = YES_ERROR;
				CLANG_WARN_EMPTY_BODY = YES;
				CLANG_WARN_ENUM_CONVERSION = YES;
				CLANG_WARN_INT_CONVERSION = YES;
				CLANG_WARN_OBJC_ROOT_CLASS = YES_ERROR;
				CLANG_WARN_UNREACHABLE_CODE = YES;
				CLANG_WARN__DUPLICATE_METHOD_MATCH = YES;
				CODE_SIGN_IDENTITY = "-";
				COPY_PHASE_STRIP = NO;
				DEBUG_INFORMATION_FORMAT = dwarf;
				ENABLE_STRICT_OBJC_MSGSEND = YES;
				ENABLE_TESTABILITY = YES;
				GCC_C_LANGUAGE_STANDARD = gnu99;
				GCC_DYNAMIC_NO_PIC = NO;
				GCC_NO_COMMON_BLOCKS = YES;
				GCC_OPTIMIZATION_LEVEL = 0;
				GCC_PREPROCESSOR_DEFINITIONS = (
					"DEBUG=1",
					"$(inherited)",
				);
				GCC_WARN_64_TO_32_BIT_CONVERSION = YES;
				GCC_WARN_ABOUT_RETURN_TYPE = YES_ERROR;
				GCC_WARN_UNDECLARED_SELECTOR = YES;
				GCC_WARN_UNINITIALIZED_AUTOS = YES_AGGRESSIVE;
				GCC_WARN_UNUSED_FUNCTION = YES;
				GCC_WARN_UNUSED_VARIABLE = YES;
				MACOSX_DEPLOYMENT_TARGET = 10.11;
				MTL_ENABLE_DEBUG_INFO = YES;
				ONLY_ACTIVE_ARCH = YES;
				SDKROOT = macosx;
			};
			name = Debug;
		};
		10682BA41D57E4E7007189A4 /* Release */ = {
			isa = XCBuildConfiguration;
			buildSettings = {
				ALWAYS_SEARCH_USER_PATHS = NO;
				CLANG_ANALYZER_NONNULL = YES;
				CLANG_CXX_LANGUAGE_STANDARD = "gnu++0x";
				CLANG_CXX_LIBRARY = "libc++";
				CLANG_ENABLE_MODULES = YES;
				CLANG_ENABLE_OBJC_ARC = YES;
				CLANG_WARN_BOOL_CONVERSION = YES;
				CLANG_WARN_CONSTANT_CONVERSION = YES;
				CLANG_WARN_DIRECT_OBJC_ISA_USAGE = YES_ERROR;
				CLANG_WARN_EMPTY_BODY = YES;
				CLANG_WARN_ENUM_CONVERSION = YES;
				CLANG_WARN_INT_CONVERSION = YES;
				CLANG_WARN_OBJC_ROOT_CLASS = YES_ERROR;
				CLANG_WARN_UNREACHABLE_CODE = YES;
				CLANG_WARN__DUPLICATE_METHOD_MATCH = YES;
				CODE_SIGN_IDENTITY = "-";
				COPY_PHASE_STRIP = NO;
				DEBUG_INFORMATION_FORMAT = "dwarf-with-dsym";
				ENABLE_NS_ASSERTIONS = NO;
				ENABLE_STRICT_OBJC_MSGSEND = YES;
				GCC_C_LANGUAGE_STANDARD = gnu99;
				GCC_NO_COMMON_BLOCKS = YES;
				GCC_WARN_64_TO_32_BIT_CONVERSION = YES;
				GCC_WARN_ABOUT_RETURN_TYPE = YES_ERROR;
				GCC_WARN_UNDECLARED_SELECTOR = YES;
				GCC_WARN_UNINITIALIZED_AUTOS = YES_AGGRESSIVE;
				GCC_WARN_UNUSED_FUNCTION = YES;
				GCC_WARN_UNUSED_VARIABLE = YES;
				MACOSX_DEPLOYMENT_TARGET = 10.11;
				MTL_ENABLE_DEBUG_INFO = NO;
				SDKROOT = macosx;
			};
			name = Release;
		};
		10682BA61D57E4E7007189A4 /* Debug */ = {
			isa = XCBuildConfiguration;
			buildSettings = {
				EXECUTABLE_PREFIX = lib;
				GCC_ENABLE_CPP_EXCEPTIONS = YES;
				GCC_ENABLE_CPP_RTTI = YES;
				PRODUCT_NAME = "$(TARGET_NAME)";
			};
			name = Debug;
		};
		10682BA71D57E4E7007189A4 /* Release */ = {
			isa = XCBuildConfiguration;
			buildSettings = {
				EXECUTABLE_PREFIX = lib;
				GCC_ENABLE_CPP_EXCEPTIONS = YES;
				GCC_ENABLE_CPP_RTTI = YES;
				PRODUCT_NAME = "$(TARGET_NAME)";
			};
			name = Release;
		};
/* End XCBuildConfiguration section */

/* Begin XCConfigurationList section */
		10682B951D57E4E7007189A4 /* Build configuration list for PBXProject "UtilityTests" */ = {
			isa = XCConfigurationList;
			buildConfigurations = (
				10682BA31D57E4E7007189A4 /* Debug */,
				10682BA41D57E4E7007189A4 /* Release */,
			);
			defaultConfigurationIsVisible = 0;
			defaultConfigurationName = Release;
		};
		10682BA51D57E4E7007189A4 /* Build configuration list for PBXNativeTarget "UtilityTests" */ = {
			isa = XCConfigurationList;
			buildConfigurations = (
				10682BA61D57E4E7007189A4 /* Debug */,
				10682BA71D57E4E7007189A4 /* Release */,
			);
			defaultConfigurationIsVisible = 0;
			defaultConfigurationName = Release;
		};
/* End XCConfigurationList section */
	};
	rootObject = 10682B921D57E4E7007189A4 /* Project object */;
}
